PODS:
  - AmazonPublisherServicesSDK (5.0.1)
  - AppLovinSDK (13.1.0)
  - AppsFlyerFramework (6.15.3):
    - AppsFlyerFramework/Main (= 6.15.3)
  - AppsFlyerFramework/Main (6.15.3)
  - BidMachine (3.2.0):
    - BidMachine/Static (= 3.2.0)
  - BidMachine/Static (3.2.0):
    - StackModules/Static (~> 3.1.0)
  - BigoADS (4.6.0)
  - ChartboostSDK (9.8.0)
  - FBAEMKit (17.1.0):
    - FBSDKCoreKit_Basics (= 17.1.0)
  - FBAudienceNetwork (6.16.0)
  - FBSDKCoreKit (17.1.0):
    - FBAEMKit (= 17.1.0)
    - FBSDKCoreKit_Basics (= 17.1.0)
  - FBSDKCoreKit_Basics (17.1.0)
  - FBSDKLoginKit (17.1.0):
    - FBSDKCoreKit (= 17.1.0)
  - Fyber_Marketplace_SDK (8.3.5)
  - Google-Mobile-Ads-SDK (11.13.0):
    - GoogleUserMessagingPlatform (>= 1.1)
  - GoogleUserMessagingPlatform (2.7.0)
  - InMobiSDK (10.8.0)
  - IronSourceSDK (8.7.0.0)
  - MintegralAdSDK (7.7.6):
    - MintegralAdSDK/BannerAd (= 7.7.6)
    - MintegralAdSDK/BidBannerAd (= 7.7.6)
    - MintegralAdSDK/BidInterstitialVideoAd (= 7.7.6)
    - MintegralAdSDK/BidNativeAd (= 7.7.6)
    - MintegralAdSDK/BidNewInterstitialAd (= 7.7.6)
    - MintegralAdSDK/BidRewardVideoAd (= 7.7.6)
    - MintegralAdSDK/InterstitialVideoAd (= 7.7.6)
    - MintegralAdSDK/NativeAd (= 7.7.6)
    - MintegralAdSDK/NewInterstitialAd (= 7.7.6)
    - MintegralAdSDK/RewardVideoAd (= 7.7.6)
  - MintegralAdSDK/BannerAd (7.7.6):
    - MintegralAdSDK/NativeAd
  - MintegralAdSDK/BidBannerAd (7.7.6):
    - MintegralAdSDK/BannerAd
    - MintegralAdSDK/BidNativeAd
  - MintegralAdSDK/BidInterstitialVideoAd (7.7.6):
    - MintegralAdSDK/BidNativeAd
    - MintegralAdSDK/InterstitialVideoAd
  - MintegralAdSDK/BidNativeAd (7.7.6):
    - MintegralAdSDK/NativeAd
  - MintegralAdSDK/BidNewInterstitialAd (7.7.6):
    - MintegralAdSDK/BidNativeAd
    - MintegralAdSDK/NewInterstitialAd
  - MintegralAdSDK/BidRewardVideoAd (7.7.6):
    - MintegralAdSDK/BidNativeAd
    - MintegralAdSDK/RewardVideoAd
  - MintegralAdSDK/InterstitialVideoAd (7.7.6):
    - MintegralAdSDK/NativeAd
  - MintegralAdSDK/NativeAd (7.7.6)
  - MintegralAdSDK/NewInterstitialAd (7.7.6):
    - MintegralAdSDK/InterstitialVideoAd
    - MintegralAdSDK/NativeAd
  - MintegralAdSDK/RewardVideoAd (7.7.6):
    - MintegralAdSDK/NativeAd
- MobileFuseSDK (1.8.2)
  - myTargetSDK (5.25.1):
    - myTrackerSDK (~> 3.2.0)
  - myTrackerSDK (3.2.1)
  - OCMock (3.9.4)
  - OMSDK_Appodeal (1.5.2)
  - StackConsentManager (2.0.8):
    - GoogleUserMessagingPlatform (~> 2.1)
  - StackModules/Core-Static (3.1.0)
  - StackModules/ProductPresentation-Static (3.1.0):
    - StackModules/Core-Static
  - StackModules/Rendering-Static (3.1.0):
    - OMSDK_Appodeal (~> 1.5.2)
    - StackModules/Core-Static
    - StackModules/ProductPresentation-Static
  - StackModules/Static (3.1.0):
    - StackModules/Core-Static
    - StackModules/ProductPresentation-Static
    - StackModules/Rendering-Static
  - UnityAds (4.13.1)
  - VungleAds (7.4.4)
  - YandexMobileAds (5.2.1):
    - YandexMobileAds/Static (= 5.2.1)
  - YandexMobileAds/Static (5.2.1):
    - YandexMobileMetrica (< 5.0.0, >= 4.0.0)
  - YandexMobileMetrica (4.5.2):
    - YandexMobileMetrica/Static (= 4.5.2)
  - YandexMobileMetrica/Static (4.5.2):
    - YandexMobileMetrica/Static/Core (= 4.5.2)
    - YandexMobileMetrica/Static/Crashes (= 4.5.2)
  - YandexMobileMetrica/Static/Core (4.5.2)
  - YandexMobileMetrica/Static/Crashes (4.5.2):
    - YandexMobileMetrica/Static/Core

DEPENDENCIES:
  - AmazonPublisherServicesSDK (~> 5.0.1)
  - AppLovinSDK (= 13.1.0)
  - AppsFlyerFramework (~> 6.15.2)
  - BidMachine (= 3.2.0)
  - BigoADS (~> 4.6.0)
  - ChartboostSDK (= 9.8.0)
  - FBAudienceNetwork (= 6.16.0)
  - FBSDKLoginKit (~> 17.1.0)
  - Fyber_Marketplace_SDK (~> 8.3.5)
  - Google-Mobile-Ads-SDK (~> 11.13.0)
  - InMobiSDK (~> 10.8.0)
  - IronSourceSDK (= 8.7.0.0)
  - MintegralAdSDK (~> 7.7.6)
  - MobileFuseSDK (= 1.8.2)
  - myTargetSDK (~> 5.25.1)
  - OCMock (~> 3.9.4)
  - StackConsentManager (~> 2.0.8)
  - UnityAds (~> 4.13.1)
  - VungleAds (= 7.4.4)
  - YandexMobileAds (= 5.2.1)

SPEC REPOS:
  https://github.com/appodeal/CocoaPods.git:
    - StackConsentManager
  trunk:
    - AmazonPublisherServicesSDK
    - AppLovinSDK
    - AppsFlyerFramework
    - BidMachine
    - BigoADS
    - ChartboostSDK
    - FBAEMKit
    - FBAudienceNetwork
    - FBSDKCoreKit
    - FBSDKCoreKit_Basics
    - FBSDKLoginKit
    - Fyber_Marketplace_SDK
    - Google-Mobile-Ads-SDK
    - GoogleUserMessagingPlatform
    - InMobiSDK
    - IronSourceSDK
    - MintegralAdSDK
    - MobileFuseSDK
    - myTargetSDK
    - myTrackerSDK
    - OCMock
    - OMSDK_Appodeal
    - StackModules
    - UnityAds
    - VungleAds
    - YandexMobileAds
    - YandexMobileMetrica

SPEC CHECKSUMS:
AmazonPublisherServicesSDK: 2c897ab0edf7d6f7bf2bcc6c16d63530dc7ec9c1
  AppLovinSDK: 539a0178d8bef4d68b2551a93526e0c1bba06cb2
  AppsFlyerFramework: ad7ff0d22aa36c7f8cc4f71a5424e19b89ccb8ae
  BidMachine: b5d8236e691a0c71fbb95a72e86f3ec189f1a8a9
  BigoADS: c4d9ec9cf6d3346843e126cdba111647ec402d9b
  ChartboostSDK: f8422957daa675fa4a0bb9f159144b3b59ef5c27
  FBAEMKit: cb719c53575a3be86ea873279f30d6a2c4e15881
  FBAudienceNetwork: d1670939884e3a2e0ad98dca98d7e0c841417228
  FBSDKCoreKit: ecdb980a24633ccb012700299ceb16d0235e14d2
  FBSDKCoreKit_Basics: 045101c4a9ef10c845347424d73a29aae02c3e43
  FBSDKLoginKit: 69eb59b2f839aba635616df6e422acd0ca88030a
  Fyber_Marketplace_SDK: 8b042ecd850accf338a052ca23a4e105f71154ec
  Google-Mobile-Ads-SDK: 14f57f2dc33532a24db288897e26494640810407
  GoogleUserMessagingPlatform: a8b56893477f67212fbc8411c139e61d463349f5
  InMobiSDK: 0cfb1a1eb5112fa0236ae1fab549e31fb96c9566
  IronSourceSDK: 0b5a640179ef91acc637332608183a05db1757df
  MintegralAdSDK: 81febc34aafe94f744f0526bfbd421eda325722e
  MobileFuseSDK: e0b927c961317444d0140322caddf5f944912e4b
  myTargetSDK: b4865575363e3f5b50ed2f74ed17eba5b2ffdc68
  myTrackerSDK: 5b4e009f9f87a8febdbf2742b2a02559aeb56849
  OCMock: 589f2c84dacb1f5aaf6e4cec1f292551fe748e74
  OMSDK_Appodeal: 066f9da2c77d560e319341c6bd4739828bc65842
  StackConsentManager: b6c59a2574bbd3350e6ad2f9c8fa3884fdaff419
  StackModules: f43fdc3fc047c0e208a6a44d604c97b2d1651bd7
  UnityAds: 213536f6565ba7139f6ba425910edada720ceb9d
  VungleAds: 7ceb822f20a6619d8d9ed6a616dacd8cc5b05036
  YandexMobileAds: 3d7708df615f92815a3acedf9869da46d0b4d65e
  YandexMobileMetrica: f5368ee93f286c793d73b58da00929babfc897c1

PODFILE CHECKSUM: 015b6ab9cf87ebde36c769539b9989663f631096

COCOAPODS: 1.15.2
