PODS:
  - AmazonPublisherServicesSDK (4.9.2)
  - AppLovinSDK (12.4.1)
  - AppsFlyer-AdRevenue (6.9.1):
    - AppsFlyerFramework (~> 6)
  - AppsFlyerFramework (6.14.0):
    - AppsFlyerFramework/Main (= 6.14.0)
  - AppsFlyerFramework/Main (6.14.0)
  - BidMachine (2.6.0):
    - BidMachine/Core (= 2.6.0)
  - BidMachine/ApiCore (2.6.0)
  - BidMachine/BiddingCore (2.6.0):
    - BidMachine/ApiCore
    - BidMachineRendering (~> 0.1.0)
    - StackIAB (~> 2.6.0)
    - StackModules (~> 1.7.0)
  - BidMachine/Core (2.6.0):
    - BidMachine/ApiCore
    - BidMachine/BiddingCore
    - BidMachine/ModulesCore
  - BidMachine/ModulesCore (2.6.0):
    - BidMachine/ApiCore
  - BidMachineRendering (0.1.0):
    - BidMachineRendering/RenderingKit (= 0.1.0)
  - BidMachineRendering/RenderingKit (0.1.0):
    - BidMachineRendering/StoreKit
    - BidMachineRendering/UtilsKit
    - BidMachineRendering/VideoKit
    - BidMachineRendering/WebKit
  - BidMachineRendering/StoreKit (0.1.0):
    - BidMachineRendering/UtilsKit
  - BidMachineRendering/UtilsKit (0.1.0):
    - StackModules (~> 1.7.0)
  - BidMachineRendering/VideoKit (0.1.0):
    - BidMachineRendering/UtilsKit
  - BidMachineRendering/WebKit (0.1.0):
    - BidMachineRendering/UtilsKit
  - BigoADS (4.2.2)
  - FBAEMKit (17.0.0):
    - FBSDKCoreKit_Basics (= 17.0.0)
  - FBAudienceNetwork (6.15.0)
  - FBSDKCoreKit (17.0.0):
    - FBAEMKit (= 17.0.0)
    - FBSDKCoreKit_Basics (= 17.0.0)
  - FBSDKCoreKit_Basics (17.0.0)
  - FBSDKLoginKit (17.0.0):
    - FBSDKCoreKit (= 17.0.0)
  - Fyber_Marketplace_SDK (8.2.7)
  - Google-Mobile-Ads-SDK (11.5.0):
    - GoogleUserMessagingPlatform (>= 1.1)
  - GoogleUserMessagingPlatform (2.4.0)
  - InMobiSDK (10.7.1)
  - MintegralAdSDK (7.6.1):
    - MintegralAdSDK/BannerAd (= 7.6.1)
    - MintegralAdSDK/BidBannerAd (= 7.6.1)
    - MintegralAdSDK/BidInterstitialVideoAd (= 7.6.1)
    - MintegralAdSDK/BidNativeAd (= 7.6.1)
    - MintegralAdSDK/BidNewInterstitialAd (= 7.6.1)
    - MintegralAdSDK/BidRewardVideoAd (= 7.6.1)
    - MintegralAdSDK/InterstitialVideoAd (= 7.6.1)
    - MintegralAdSDK/NativeAd (= 7.6.1)
    - MintegralAdSDK/NewInterstitialAd (= 7.6.1)
    - MintegralAdSDK/RewardVideoAd (= 7.6.1)
  - MintegralAdSDK/BannerAd (7.6.1):
    - MintegralAdSDK/NativeAd
  - MintegralAdSDK/BidBannerAd (7.6.1):
    - MintegralAdSDK/BannerAd
    - MintegralAdSDK/BidNativeAd
  - MintegralAdSDK/BidInterstitialVideoAd (7.6.1):
    - MintegralAdSDK/BidNativeAd
    - MintegralAdSDK/InterstitialVideoAd
  - MintegralAdSDK/BidNativeAd (7.6.1):
    - MintegralAdSDK/NativeAd
  - MintegralAdSDK/BidNewInterstitialAd (7.6.1):
    - MintegralAdSDK/BidNativeAd
    - MintegralAdSDK/NewInterstitialAd
  - MintegralAdSDK/BidRewardVideoAd (7.6.1):
    - MintegralAdSDK/BidNativeAd
    - MintegralAdSDK/RewardVideoAd
  - MintegralAdSDK/InterstitialVideoAd (7.6.1):
    - MintegralAdSDK/NativeAd
  - MintegralAdSDK/NativeAd (7.6.1)
  - MintegralAdSDK/NewInterstitialAd (7.6.1):
    - MintegralAdSDK/InterstitialVideoAd
    - MintegralAdSDK/NativeAd
  - MintegralAdSDK/RewardVideoAd (7.6.1):
    - MintegralAdSDK/NativeAd
  - MobileFuseSDK (1.7.3)
  - OCMock (3.9.3)
  - OMSDK_Appodeal (1.4.12)
  - StackIAB (2.6.0):
    - StackIAB/StackIABAssets (= 2.6.0)
    - StackIAB/StackMRAIDKit (= 2.6.0)
    - StackIAB/StackNASTKit (= 2.6.0)
    - StackIAB/StackOpenMeasure (= 2.6.0)
    - StackIAB/StackRichMedia (= 2.6.0)
    - StackIAB/StackVASTAssets (= 2.6.0)
    - StackIAB/StackVASTKit (= 2.6.0)
    - StackIAB/StackVideoPlayer (= 2.6.0)
    - StackIAB/StackXML (= 2.6.0)
    - StackModules (~> 1.7.0)
  - StackIAB/StackIABAssets (2.6.0):
    - StackModules (~> 1.7.0)
  - StackIAB/StackMRAIDKit (2.6.0):
    - StackIAB/StackIABAssets
    - StackIAB/StackOpenMeasure
    - StackModules (~> 1.7.0)
  - StackIAB/StackNASTKit (2.6.0):
    - StackIAB/StackVASTKit
    - StackModules (~> 1.7.0)
  - StackIAB/StackOpenMeasure (2.6.0):
    - OMSDK_Appodeal (~> 1.4.12)
    - StackModules (~> 1.7.0)
  - StackIAB/StackRichMedia (2.6.0):
    - StackIAB/StackIABAssets
    - StackIAB/StackVASTAssets
    - StackIAB/StackVideoPlayer
    - StackModules (~> 1.7.0)
  - StackIAB/StackVASTAssets (2.6.0):
    - StackIAB/StackIABAssets
    - StackIAB/StackXML
    - StackModules (~> 1.7.0)
  - StackIAB/StackVASTKit (2.6.0):
    - StackIAB/StackMRAIDKit
    - StackIAB/StackVASTAssets
    - StackIAB/StackVideoPlayer
    - StackModules (~> 1.7.0)
  - StackIAB/StackVideoPlayer (2.6.0):
    - StackModules (~> 1.7.0)
  - StackIAB/StackXML (2.6.0):
    - StackModules (~> 1.7.0)
  - StackModules (1.7.3):
    - StackModules/StackProductPresentation (= 1.7.3)
  - StackModules/StackFoundation (1.7.3)
  - StackModules/StackProductPresentation (1.7.3):
    - StackModules/StackUIKit
  - StackModules/StackUIKit (1.7.3):
    - StackModules/StackFoundation
  - UnityAds (4.11.3)
  - VungleAds (7.3.0)

DEPENDENCIES:
  - AmazonPublisherServicesSDK (~> 4.9.2)
  - AppLovinSDK
  - AppsFlyer-AdRevenue (~> 6.9.0)
  - AppsFlyerFramework (~> 6.14.0)
  - BidMachine (~> 2.6.0)
  - BigoADS (~> 4.2.2)
  - FBAudienceNetwork (~> 6.15.0)
  - FBSDKLoginKit
  - Fyber_Marketplace_SDK (~> 8.2.7)
  - Google-Mobile-Ads-SDK (~> 11.5.0)
  - InMobiSDK (~> 10.7.1)
  - MintegralAdSDK (~> 7.6.1)
  - MobileFuseSDK
  - OCMock (~> 3.9.1)
  - UnityAds (~> 4.11.3)
  - VungleAds (~> 7.3.0)

SPEC REPOS:
  https://github.com/appodeal/CocoaPods.git:
    - BidMachineRendering
    - OMSDK_Appodeal
    - StackIAB
    - StackModules
  trunk:
    - AmazonPublisherServicesSDK
    - AppLovinSDK
    - AppsFlyer-AdRevenue
    - AppsFlyerFramework
    - BidMachine
    - BigoADS
    - FBAEMKit
    - FBAudienceNetwork
    - FBSDKCoreKit
    - FBSDKCoreKit_Basics
    - FBSDKLoginKit
    - Fyber_Marketplace_SDK
    - Google-Mobile-Ads-SDK
    - GoogleUserMessagingPlatform
    - InMobiSDK
    - MintegralAdSDK
    - MobileFuseSDK
    - OCMock
    - UnityAds
    - VungleAds

SPEC CHECKSUMS:
  AmazonPublisherServicesSDK: 3ccd81a70c200022af6b01838b3428bc064da035
  AppLovinSDK: c57ad0d34625c971d2db127f8ef60570b28ff51a
  AppsFlyer-AdRevenue: a38170b0b59f74cd07c7a9b91ee026f147b5c968
  AppsFlyerFramework: 84e73360fc5b277da2a9322281c21cc467eaf023
  BidMachine: e8ee7ae1c80d3a2c4abeced647d96918ec5b2a9e
  BidMachineRendering: e8c4005b94b483315d9ded92d82ce571698b1374
  BigoADS: 3b0ddf8dea35c0b0a93f5d6120741208b2d14752
  FBAEMKit: 31a20c2d8744d8c57d3a5b7ae4e27b4fdd819193
  FBAudienceNetwork: 6c560e4c68823ec5da1e84868544a8a246e0e201
  FBSDKCoreKit: dac911b656816f8d0b06e5fa4bac60e89505bb3b
  FBSDKCoreKit_Basics: 92b7b7458d57091370b0b6cc197578874c3b4b16
  FBSDKLoginKit: 5d5271ebfd1e39c6b071de8db5c4bd6255be3561
  Fyber_Marketplace_SDK: 90d17e7cb04f505b00c2410679f115aefc9fd4e5
  Google-Mobile-Ads-SDK: 7db2098033ad3bfcd72a11e7503b49700a93029e
  GoogleUserMessagingPlatform: f131fa7978d2ba88d7426702b057c2cc318e6595
  InMobiSDK: 8b93c1d4d8ac0d91cf9585fc8b65750b8f09e835
  MintegralAdSDK: b9561720d5f78df3b4c84549905117b2f3789d26
  MobileFuseSDK: faf54c2e5b6b7c2c552aa76b817ae1e13c24a58b
  OCMock: 300b1b1b9155cb6378660b981c2557448830bdc6
  OMSDK_Appodeal: 488b1094f7ba13129caaa1b7b6d6d08a794301af
  StackIAB: 3127eb14106c86f5eaeaf98d2fb3de71a1dff8d4
  StackModules: d07cef20468293452184c2ee01f93e730e6ee5ad
  UnityAds: 4c2dbd3e82778b536b0bad23b640c16aae91dbb1
  VungleAds: c7bf642b4a4581177b5c76042423a21d8c32ef1e

PODFILE CHECKSUM: 0c51c49e3e27c540f9a82bf2559d7e1722f291e8

COCOAPODS: 1.15.2
