PODS:
  - AmazonPublisherServicesSDK (4.9.2)
  - AppLovinSDK (12.4.1)
  - Appodeal (3.3.0-test.beta.4):
    - Protobuf
    - StackConsentManager (~> 2.0.3)
    - StackIAB (~> 2.6.0)
    - StackModules (~> 1.7.0)
  - AppsFlyer-AdRevenue (6.9.1):
    - AppsFlyerFramework (~> 6)
  - AppsFlyerFramework (6.14.0):
    - AppsFlyerFramework/Main (= 6.14.0)
  - AppsFlyerFramework/Main (6.14.0)
  - BidMachine (2.6.0):
    - BidMachine/Core (= 2.6.0)
  - BidMachine/ApiCore (2.6.0)
  - BidMachine/BiddingCore (2.6.0):
    - BidMachine/ApiCore
    - BidMachineRendering (~> 0.1.0)
    - StackIAB (~> 2.6.0)
    - StackModules (~> 1.7.0)
  - BidMachine/Core (2.6.0):
    - BidMachine/ApiCore
    - BidMachine/BiddingCore
    - BidMachine/ModulesCore
  - BidMachine/ModulesCore (2.6.0):
    - BidMachine/ApiCore
  - BidMachineRendering (0.1.0):
    - BidMachineRendering/RenderingKit (= 0.1.0)
  - BidMachineRendering/RenderingKit (0.1.0):
    - BidMachineRendering/StoreKit
    - BidMachineRendering/UtilsKit
    - BidMachineRendering/VideoKit
    - BidMachineRendering/WebKit
  - BidMachineRendering/StoreKit (0.1.0):
    - BidMachineRendering/UtilsKit
  - BidMachineRendering/UtilsKit (0.1.0):
    - StackModules (~> 1.7.0)
  - BidMachineRendering/VideoKit (0.1.0):
    - BidMachineRendering/UtilsKit
  - BidMachineRendering/WebKit (0.1.0):
    - BidMachineRendering/UtilsKit
  - BigoADS (4.2.2)
  - FBAEMKit (17.0.0):
    - FBSDKCoreKit_Basics (= 17.0.0)
  - FBAudienceNetwork (6.15.0)
  - FBSDKCoreKit (17.0.0):
    - FBAEMKit (= 17.0.0)
    - FBSDKCoreKit_Basics (= 17.0.0)
  - FBSDKCoreKit_Basics (17.0.0)
  - FBSDKLoginKit (17.0.0):
    - FBSDKCoreKit (= 17.0.0)
  - Fyber_Marketplace_SDK (8.2.7)
  - Google-Mobile-Ads-SDK (10.14.0):
    - GoogleAppMeasurement (< 11.0, >= 7.0)
    - GoogleUserMessagingPlatform (>= 1.1)
  - GoogleAppMeasurement (10.23.1):
    - GoogleAppMeasurement/AdIdSupport (= 10.23.1)
    - GoogleUtilities/AppDelegateSwizzler (~> 7.11)
    - GoogleUtilities/MethodSwizzler (~> 7.11)
    - GoogleUtilities/Network (~> 7.11)
    - "GoogleUtilities/NSData+zlib (~> 7.11)"
    - nanopb (< 2.30911.0, >= 2.30908.0)
  - GoogleAppMeasurement/AdIdSupport (10.23.1):
    - GoogleAppMeasurement/WithoutAdIdSupport (= 10.23.1)
    - GoogleUtilities/AppDelegateSwizzler (~> 7.11)
    - GoogleUtilities/MethodSwizzler (~> 7.11)
    - GoogleUtilities/Network (~> 7.11)
    - "GoogleUtilities/NSData+zlib (~> 7.11)"
    - nanopb (< 2.30911.0, >= 2.30908.0)
  - GoogleAppMeasurement/WithoutAdIdSupport (10.23.1):
    - GoogleUtilities/AppDelegateSwizzler (~> 7.11)
    - GoogleUtilities/MethodSwizzler (~> 7.11)
    - GoogleUtilities/Network (~> 7.11)
    - "GoogleUtilities/NSData+zlib (~> 7.11)"
    - nanopb (< 2.30911.0, >= 2.30908.0)
  - GoogleUserMessagingPlatform (2.3.0)
  - GoogleUtilities/AppDelegateSwizzler (7.13.0):
    - GoogleUtilities/Environment
    - GoogleUtilities/Logger
    - GoogleUtilities/Network
    - GoogleUtilities/Privacy
  - GoogleUtilities/Environment (7.13.0):
    - GoogleUtilities/Privacy
    - PromisesObjC (< 3.0, >= 1.2)
  - GoogleUtilities/Logger (7.13.0):
    - GoogleUtilities/Environment
    - GoogleUtilities/Privacy
  - GoogleUtilities/MethodSwizzler (7.13.0):
    - GoogleUtilities/Logger
    - GoogleUtilities/Privacy
  - GoogleUtilities/Network (7.13.0):
    - GoogleUtilities/Logger
    - "GoogleUtilities/NSData+zlib"
    - GoogleUtilities/Privacy
    - GoogleUtilities/Reachability
  - "GoogleUtilities/NSData+zlib (7.13.0)":
    - GoogleUtilities/Privacy
  - GoogleUtilities/Privacy (7.13.0)
  - GoogleUtilities/Reachability (7.13.0):
    - GoogleUtilities/Logger
    - GoogleUtilities/Privacy
  - InMobiSDK (10.7.1)
  - MintegralAdSDK (7.6.1):
    - MintegralAdSDK/BannerAd (= 7.6.1)
    - MintegralAdSDK/BidBannerAd (= 7.6.1)
    - MintegralAdSDK/BidInterstitialVideoAd (= 7.6.1)
    - MintegralAdSDK/BidNativeAd (= 7.6.1)
    - MintegralAdSDK/BidNewInterstitialAd (= 7.6.1)
    - MintegralAdSDK/BidRewardVideoAd (= 7.6.1)
    - MintegralAdSDK/InterstitialVideoAd (= 7.6.1)
    - MintegralAdSDK/NativeAd (= 7.6.1)
    - MintegralAdSDK/NewInterstitialAd (= 7.6.1)
    - MintegralAdSDK/RewardVideoAd (= 7.6.1)
  - MintegralAdSDK/BannerAd (7.6.1):
    - MintegralAdSDK/NativeAd
  - MintegralAdSDK/BidBannerAd (7.6.1):
    - MintegralAdSDK/BannerAd
    - MintegralAdSDK/BidNativeAd
  - MintegralAdSDK/BidInterstitialVideoAd (7.6.1):
    - MintegralAdSDK/BidNativeAd
    - MintegralAdSDK/InterstitialVideoAd
  - MintegralAdSDK/BidNativeAd (7.6.1):
    - MintegralAdSDK/NativeAd
  - MintegralAdSDK/BidNewInterstitialAd (7.6.1):
    - MintegralAdSDK/BidNativeAd
    - MintegralAdSDK/NewInterstitialAd
  - MintegralAdSDK/BidRewardVideoAd (7.6.1):
    - MintegralAdSDK/BidNativeAd
    - MintegralAdSDK/RewardVideoAd
  - MintegralAdSDK/InterstitialVideoAd (7.6.1):
    - MintegralAdSDK/NativeAd
  - MintegralAdSDK/NativeAd (7.6.1)
  - MintegralAdSDK/NewInterstitialAd (7.6.1):
    - MintegralAdSDK/InterstitialVideoAd
    - MintegralAdSDK/NativeAd
  - MintegralAdSDK/RewardVideoAd (7.6.1):
    - MintegralAdSDK/NativeAd
  - MobileFuseSDK (1.7.3)
  - nanopb (2.30910.0):
    - nanopb/decode (= 2.30910.0)
    - nanopb/encode (= 2.30910.0)
  - nanopb/decode (2.30910.0)
  - nanopb/encode (2.30910.0)
  - OCMock (3.9.3)
  - OMSDK_Appodeal (1.4.12)
  - PromisesObjC (2.4.0)
  - Protobuf (3.26.1)
  - StackConsentManager (2.0.3):
    - GoogleUserMessagingPlatform (~> 2.1)
  - StackIAB (2.6.0):
    - StackIAB/StackIABAssets (= 2.6.0)
    - StackIAB/StackMRAIDKit (= 2.6.0)
    - StackIAB/StackNASTKit (= 2.6.0)
    - StackIAB/StackOpenMeasure (= 2.6.0)
    - StackIAB/StackRichMedia (= 2.6.0)
    - StackIAB/StackVASTAssets (= 2.6.0)
    - StackIAB/StackVASTKit (= 2.6.0)
    - StackIAB/StackVideoPlayer (= 2.6.0)
    - StackIAB/StackXML (= 2.6.0)
    - StackModules (~> 1.7.0)
  - StackIAB/StackIABAssets (2.6.0):
    - StackModules (~> 1.7.0)
  - StackIAB/StackMRAIDKit (2.6.0):
    - StackIAB/StackIABAssets
    - StackIAB/StackOpenMeasure
    - StackModules (~> 1.7.0)
  - StackIAB/StackNASTKit (2.6.0):
    - StackIAB/StackVASTKit
    - StackModules (~> 1.7.0)
  - StackIAB/StackOpenMeasure (2.6.0):
    - OMSDK_Appodeal (~> 1.4.12)
    - StackModules (~> 1.7.0)
  - StackIAB/StackRichMedia (2.6.0):
    - StackIAB/StackIABAssets
    - StackIAB/StackVASTAssets
    - StackIAB/StackVideoPlayer
    - StackModules (~> 1.7.0)
  - StackIAB/StackVASTAssets (2.6.0):
    - StackIAB/StackIABAssets
    - StackIAB/StackXML
    - StackModules (~> 1.7.0)
  - StackIAB/StackVASTKit (2.6.0):
    - StackIAB/StackMRAIDKit
    - StackIAB/StackVASTAssets
    - StackIAB/StackVideoPlayer
    - StackModules (~> 1.7.0)
  - StackIAB/StackVideoPlayer (2.6.0):
    - StackModules (~> 1.7.0)
  - StackIAB/StackXML (2.6.0):
    - StackModules (~> 1.7.0)
  - StackModules (1.7.2):
    - StackModules/StackProductPresentation (= 1.7.2)
  - StackModules/StackFoundation (1.7.2)
  - StackModules/StackProductPresentation (1.7.2):
    - StackModules/StackUIKit
  - StackModules/StackUIKit (1.7.2):
    - StackModules/StackFoundation
  - UnityAds (4.10.0)
  - VungleAds (7.3.0)

DEPENDENCIES:
  - AmazonPublisherServicesSDK (~> 4.9.2)
  - AppLovinSDK
  - Appodeal (~> 3.3.0-test.beta.4)
  - AppsFlyer-AdRevenue (~> 6.9.0)
  - AppsFlyerFramework (~> 6.14.0)
  - BidMachine (~> 2.6.0)
  - BigoADS (~> 4.2.2)
  - FBAudienceNetwork (~> 6.15.0)
  - FBSDKLoginKit
  - Fyber_Marketplace_SDK (~> 8.2.7)
  - Google-Mobile-Ads-SDK (~> 10.14.0)
  - InMobiSDK (~> 10.7.1)
  - MintegralAdSDK (~> 7.6.1)
  - MobileFuseSDK
  - OCMock (~> 3.9.1)
  - UnityAds (~> 4.10.0)
  - VungleAds (~> 7.3.0)

SPEC REPOS:
  https://github.com/appodeal/CocoaPods.git:
    - Appodeal
    - BidMachineRendering
    - OMSDK_Appodeal
    - StackConsentManager
    - StackIAB
    - StackModules
  trunk:
    - AmazonPublisherServicesSDK
    - AppLovinSDK
    - AppsFlyer-AdRevenue
    - AppsFlyerFramework
    - BidMachine
    - BigoADS
    - FBAEMKit
    - FBAudienceNetwork
    - FBSDKCoreKit
    - FBSDKCoreKit_Basics
    - FBSDKLoginKit
    - Fyber_Marketplace_SDK
    - Google-Mobile-Ads-SDK
    - GoogleAppMeasurement
    - GoogleUserMessagingPlatform
    - GoogleUtilities
    - InMobiSDK
    - MintegralAdSDK
    - MobileFuseSDK
    - nanopb
    - OCMock
    - PromisesObjC
    - Protobuf
    - UnityAds
    - VungleAds

SPEC CHECKSUMS:
  AmazonPublisherServicesSDK: 3ccd81a70c200022af6b01838b3428bc064da035
  AppLovinSDK: c57ad0d34625c971d2db127f8ef60570b28ff51a
  Appodeal: bf3175b3a2b01b26e814c33917a8385435a2aa66
  AppsFlyer-AdRevenue: a38170b0b59f74cd07c7a9b91ee026f147b5c968
  AppsFlyerFramework: 84e73360fc5b277da2a9322281c21cc467eaf023
  BidMachine: e8ee7ae1c80d3a2c4abeced647d96918ec5b2a9e
  BidMachineRendering: e8c4005b94b483315d9ded92d82ce571698b1374
  BigoADS: 3b0ddf8dea35c0b0a93f5d6120741208b2d14752
  FBAEMKit: 31a20c2d8744d8c57d3a5b7ae4e27b4fdd819193
  FBAudienceNetwork: 6c560e4c68823ec5da1e84868544a8a246e0e201
  FBSDKCoreKit: dac911b656816f8d0b06e5fa4bac60e89505bb3b
  FBSDKCoreKit_Basics: 92b7b7458d57091370b0b6cc197578874c3b4b16
  FBSDKLoginKit: 5d5271ebfd1e39c6b071de8db5c4bd6255be3561
  Fyber_Marketplace_SDK: 90d17e7cb04f505b00c2410679f115aefc9fd4e5
  Google-Mobile-Ads-SDK: 8f67a72f88d057335b1ac3f501e2b68ad054116e
  GoogleAppMeasurement: 794d1d2f71fdf77a077a3986258a5c2dac0f9d48
  GoogleUserMessagingPlatform: b1ad7bb1ee3ce64749d4fec24f667b36e45c396c
  GoogleUtilities: d053d902a8edaa9904e1bd00c37535385b8ed152
  InMobiSDK: 8b93c1d4d8ac0d91cf9585fc8b65750b8f09e835
  MintegralAdSDK: b9561720d5f78df3b4c84549905117b2f3789d26
  MobileFuseSDK: faf54c2e5b6b7c2c552aa76b817ae1e13c24a58b
  nanopb: 438bc412db1928dac798aa6fd75726007be04262
  OCMock: 300b1b1b9155cb6378660b981c2557448830bdc6
  OMSDK_Appodeal: 488b1094f7ba13129caaa1b7b6d6d08a794301af
  PromisesObjC: f5707f49cb48b9636751c5b2e7d227e43fba9f47
  Protobuf: a53f5173a603075b3522a5c50be63a67a5f3353a
  StackConsentManager: c753341eddef5db1ddd209a057b17741238678a8
  StackIAB: 3127eb14106c86f5eaeaf98d2fb3de71a1dff8d4
  StackModules: 3a6c5250ba72a2838a0d1e6c98e73a63bc912abf
  UnityAds: 5601f6397b0e02ed3ed6ee92827f5177a523aab6
  VungleAds: c7bf642b4a4581177b5c76042423a21d8c32ef1e

PODFILE CHECKSUM: 84adb9fd35de40412ce3222bcf73a5cf38b82a33

COCOAPODS: 1.12.1
