// !$*UTF8*$!
{
	archiveVersion = 1;
	classes = {
	};
	objectVersion = 55;
	objects = {

/* Begin PBXBuildFile section */
		4234B12A2890119D00CFAB05 /* IronSourceSdk+Extensions.swift in Sources */ = {isa = PBXBuildFile; fileRef = 4234B1292890119D00CFAB05 /* IronSourceSdk+Extensions.swift */; };
		42389DEA2872E2A2006024BA /* BNMAAdWrapper.swift in Sources */ = {isa = PBXBuildFile; fileRef = 42389DE92872E2A2006024BA /* BNMAAdWrapper.swift */; };
		42389E0C287436EA006024BA /* BNMAAdDelegate.swift in Sources */ = {isa = PBXBuildFile; fileRef = 42389E0B287436EA006024BA /* BNMAAdDelegate.swift */; };
		42389E0E2874378C006024BA /* BNMAAdRevenueDelegate.swift in Sources */ = {isa = PBXBuildFile; fileRef = 42389E0D2874378C006024BA /* BNMAAdRevenueDelegate.swift */; };
		42389E1028743ADE006024BA /* BNMAAdReviewDelegate.swift in Sources */ = {isa = PBXBuildFile; fileRef = 42389E0F28743ADE006024BA /* BNMAAdReviewDelegate.swift */; };
		429EE291286B38FE009439C6 /* BidOnDecoratorAppLovinMax.h in Headers */ = {isa = PBXBuildFile; fileRef = 429EE290286B38FE009439C6 /* BidOnDecoratorAppLovinMax.h */; settings = {ATTRIBUTES = (Public, ); }; };
		429EE2B2286B438A009439C6 /* BNMAInterstitialAd.swift in Sources */ = {isa = PBXBuildFile; fileRef = 429EE2B1286B438A009439C6 /* BNMAInterstitialAd.swift */; };
		429EE2B4286B59B9009439C6 /* ALSdk+Proxy.swift in Sources */ = {isa = PBXBuildFile; fileRef = 429EE2B3286B59B9009439C6 /* ALSdk+Proxy.swift */; };
		429EE2D9286EF59B009439C6 /* AppLovinFullscreenDemandProvider.swift in Sources */ = {isa = PBXBuildFile; fileRef = 429EE2D8286EF59B009439C6 /* AppLovinFullscreenDemandProvider.swift */; };
		42A6B632287D63A900C1DFB9 /* BNFYBInterstitialDelegate.swift in Sources */ = {isa = PBXBuildFile; fileRef = 42A6B631287D63A900C1DFB9 /* BNFYBInterstitialDelegate.swift */; };
		42A6B639287D7DE600C1DFB9 /* BNFYBAuctionDelegate.swift in Sources */ = {isa = PBXBuildFile; fileRef = 42A6B638287D7DE600C1DFB9 /* BNFYBAuctionDelegate.swift */; };
		42A6B63D287D937C00C1DFB9 /* BNFYBRewarded.swift in Sources */ = {isa = PBXBuildFile; fileRef = 42A6B63C287D937C00C1DFB9 /* BNFYBRewarded.swift */; };
		42A6B63F287D942900C1DFB9 /* BNFYBRewardedDelegate.swift in Sources */ = {isa = PBXBuildFile; fileRef = 42A6B63E287D942900C1DFB9 /* BNFYBRewardedDelegate.swift */; };
		42A6B641287D963B00C1DFB9 /* FyberRewardedAdDemandProvider.swift in Sources */ = {isa = PBXBuildFile; fileRef = 42A6B640287D963B00C1DFB9 /* FyberRewardedAdDemandProvider.swift */; };
		42A6B64A287D9DBC00C1DFB9 /* FyberBannerDemandProvider.swift in Sources */ = {isa = PBXBuildFile; fileRef = 42A6B649287D9DBC00C1DFB9 /* FyberBannerDemandProvider.swift */; };
		42A6B653287DC42900C1DFB9 /* BNFYBBanner.swift in Sources */ = {isa = PBXBuildFile; fileRef = 42A6B652287DC42900C1DFB9 /* BNFYBBanner.swift */; };
		42A6B655287DC4EB00C1DFB9 /* BNFYBBannerDelegate.swift in Sources */ = {isa = PBXBuildFile; fileRef = 42A6B654287DC4EB00C1DFB9 /* BNFYBBannerDelegate.swift */; };
		42A6B657287DC56500C1DFB9 /* BNFYBBannerAdView.swift in Sources */ = {isa = PBXBuildFile; fileRef = 42A6B656287DC56500C1DFB9 /* BNFYBBannerAdView.swift */; };
		42B4B3242881951300AADB32 /* BNISBannerView.swift in Sources */ = {isa = PBXBuildFile; fileRef = 42B4B3232881951300AADB32 /* BNISBannerView.swift */; };
		42B4B331288559CE00AADB32 /* BNMAAdPublisher.swift in Sources */ = {isa = PBXBuildFile; fileRef = 42B4B330288559CE00AADB32 /* BNMAAdPublisher.swift */; };
		42B4B33528855FC900AADB32 /* BNMARewardedAdPublisher.swift in Sources */ = {isa = PBXBuildFile; fileRef = 42B4B33428855FC900AADB32 /* BNMARewardedAdPublisher.swift */; };
		42B4B3372885616000AADB32 /* BNMAAdViewAdPublisher.swift in Sources */ = {isa = PBXBuildFile; fileRef = 42B4B3362885616000AADB32 /* BNMAAdViewAdPublisher.swift */; };
		42B4B339288561C800AADB32 /* BNMAuctionPublisher.swift in Sources */ = {isa = PBXBuildFile; fileRef = 42B4B338288561C800AADB32 /* BNMAuctionPublisher.swift */; };
		42B4B33B288563BD00AADB32 /* BNMAAdRevenuePublisher.swift in Sources */ = {isa = PBXBuildFile; fileRef = 42B4B33A288563BD00AADB32 /* BNMAAdRevenuePublisher.swift */; };
		42B4B33D2885641D00AADB32 /* BNMAAdReviewPublisher.swift in Sources */ = {isa = PBXBuildFile; fileRef = 42B4B33C2885641D00AADB32 /* BNMAAdReviewPublisher.swift */; };
		42B4B34028858E5900AADB32 /* BNFYBAuctionPublisher.swift in Sources */ = {isa = PBXBuildFile; fileRef = 42B4B33F28858E5900AADB32 /* BNFYBAuctionPublisher.swift */; };
		42B4B3422885909B00AADB32 /* BNFYBInterstitialPublisher.swift in Sources */ = {isa = PBXBuildFile; fileRef = 42B4B3412885909B00AADB32 /* BNFYBInterstitialPublisher.swift */; };
		42B4B3442885926B00AADB32 /* BNFYBRewardedPublisher.swift in Sources */ = {isa = PBXBuildFile; fileRef = 42B4B3432885926B00AADB32 /* BNFYBRewardedPublisher.swift */; };
		42B4B3462885946F00AADB32 /* BNFYBBannerPublisher.swift in Sources */ = {isa = PBXBuildFile; fileRef = 42B4B3452885946F00AADB32 /* BNFYBBannerPublisher.swift */; };
		42B4B34E2885A9C100AADB32 /* BNISAuctionPublisher.swift in Sources */ = {isa = PBXBuildFile; fileRef = 42B4B3482885A9C100AADB32 /* BNISAuctionPublisher.swift */; };
		42B4B34F2885A9C100AADB32 /* BNLevelPlayInterstitialPublisher.swift in Sources */ = {isa = PBXBuildFile; fileRef = 42B4B3492885A9C100AADB32 /* BNLevelPlayInterstitialPublisher.swift */; };
		42B4B3502885A9C100AADB32 /* BNLevelPlayBannerPublisher.swift in Sources */ = {isa = PBXBuildFile; fileRef = 42B4B34A2885A9C100AADB32 /* BNLevelPlayBannerPublisher.swift */; };
		42B4B3512885A9C100AADB32 /* BNLevelPlayRewardedVideoPublisher.swift in Sources */ = {isa = PBXBuildFile; fileRef = 42B4B34B2885A9C100AADB32 /* BNLevelPlayRewardedVideoPublisher.swift */; };
		42B4B3522885A9C100AADB32 /* ISRewardedVideoPublisher.swift in Sources */ = {isa = PBXBuildFile; fileRef = 42B4B34C2885A9C100AADB32 /* ISRewardedVideoPublisher.swift */; };
		42B4B3532885A9C100AADB32 /* ISInterstitialPublisher.swift in Sources */ = {isa = PBXBuildFile; fileRef = 42B4B34D2885A9C100AADB32 /* ISInterstitialPublisher.swift */; };
		42B97610287F0165006F4EAA /* AdViewFormat+Extensions.swift in Sources */ = {isa = PBXBuildFile; fileRef = 42B9760F287F0165006F4EAA /* AdViewFormat+Extensions.swift */; };
		42B97618287F0EE6006F4EAA /* BNLevelPlayRewardedVideoDelegate.swift in Sources */ = {isa = PBXBuildFile; fileRef = 42B97617287F0EE6006F4EAA /* BNLevelPlayRewardedVideoDelegate.swift */; };
		42B9761A287F1CC2006F4EAA /* BNISAuctionDelegate.swift in Sources */ = {isa = PBXBuildFile; fileRef = 42B97619287F1CC2006F4EAA /* BNISAuctionDelegate.swift */; };
		42B9761C287F1E1B006F4EAA /* BNLevelPlayInterstitialDelegate.swift in Sources */ = {isa = PBXBuildFile; fileRef = 42B9761B287F1E1B006F4EAA /* BNLevelPlayInterstitialDelegate.swift */; };
		42B9762D28803F14006F4EAA /* BNISPlacementInfo.swift in Sources */ = {isa = PBXBuildFile; fileRef = 42B9762C28803F14006F4EAA /* BNISPlacementInfo.swift */; };
		42B9762F28804B25006F4EAA /* IronSourceAdViewDemandProvider.swift in Sources */ = {isa = PBXBuildFile; fileRef = 42B9762E28804B25006F4EAA /* IronSourceAdViewDemandProvider.swift */; };
		42B97631288057A5006F4EAA /* BNISBannerRouter.swift in Sources */ = {isa = PBXBuildFile; fileRef = 42B97630288057A5006F4EAA /* BNISBannerRouter.swift */; };
		42B976332880596A006F4EAA /* BNLevelPlayBannerDelegate.swift in Sources */ = {isa = PBXBuildFile; fileRef = 42B976322880596A006F4EAA /* BNLevelPlayBannerDelegate.swift */; };
		42B9763528805D9B006F4EAA /* BNISBannerDelegate.swift in Sources */ = {isa = PBXBuildFile; fileRef = 42B9763428805D9B006F4EAA /* BNISBannerDelegate.swift */; };
		42BA81A828758A53001F1744 /* BNMAAuctionDelegate.swift in Sources */ = {isa = PBXBuildFile; fileRef = 42BA81A728758A53001F1744 /* BNMAAuctionDelegate.swift */; };
		42BA81D32876F9A1001F1744 /* BNMARewardedAd.swift in Sources */ = {isa = PBXBuildFile; fileRef = 42BA81D22876F9A1001F1744 /* BNMARewardedAd.swift */; };
		42BA81D52876FAE7001F1744 /* BNMARewardedAdDelegate.swift in Sources */ = {isa = PBXBuildFile; fileRef = 42BA81D42876FAE6001F1744 /* BNMARewardedAdDelegate.swift */; };
		42BA81D9287703E9001F1744 /* MAFullscreenAd.swift in Sources */ = {isa = PBXBuildFile; fileRef = 42BA81D8287703E9001F1744 /* MAFullscreenAd.swift */; };
		42BA81DD28770C06001F1744 /* BNMARewardWrapper.swift in Sources */ = {isa = PBXBuildFile; fileRef = 42BA81DC28770C06001F1744 /* BNMARewardWrapper.swift */; };
		42BA81F528772DB3001F1744 /* BNMAAdView.swift in Sources */ = {isa = PBXBuildFile; fileRef = 42BA81F428772DB3001F1744 /* BNMAAdView.swift */; };
		42BA81F7287730E0001F1744 /* BNMAAdViewAdDelegate.swift in Sources */ = {isa = PBXBuildFile; fileRef = 42BA81F6287730E0001F1744 /* BNMAAdViewAdDelegate.swift */; };
		42BA81FB287734B0001F1744 /* AppLovinAdViewDemandProvider.swift in Sources */ = {isa = PBXBuildFile; fileRef = 42BA81FA287734B0001F1744 /* AppLovinAdViewDemandProvider.swift */; };
		42BA821F287B25AB001F1744 /* BidOnDecoratorIronSource.h in Headers */ = {isa = PBXBuildFile; fileRef = 42BA821E287B25AA001F1744 /* BidOnDecoratorIronSource.h */; settings = {ATTRIBUTES = (Public, ); }; };
		42BA8225287B26BC001F1744 /* IronSource+Proxy.swift in Sources */ = {isa = PBXBuildFile; fileRef = 42BA8224287B26BC001F1744 /* IronSource+Proxy.swift */; };
		42BA824F287B4F51001F1744 /* BNISInterstitialRouter.swift in Sources */ = {isa = PBXBuildFile; fileRef = 42BA824E287B4F51001F1744 /* BNISInterstitialRouter.swift */; };
		42BA8252287B5D3B001F1744 /* IronSourceInterstitialDemandProvider.swift in Sources */ = {isa = PBXBuildFile; fileRef = 42BA8251287B5D3B001F1744 /* IronSourceInterstitialDemandProvider.swift */; };
		42BA8255287B63D0001F1744 /* BNISAdInfo.swift in Sources */ = {isa = PBXBuildFile; fileRef = 42BA8254287B63D0001F1744 /* BNISAdInfo.swift */; };
		42BA8257287C0DCC001F1744 /* IronSourceRewardedAdDemandProvider.swift in Sources */ = {isa = PBXBuildFile; fileRef = 42BA8256287C0DCC001F1744 /* IronSourceRewardedAdDemandProvider.swift */; };
		42BA8259287C0E8D001F1744 /* BNISRewardedVideoRouter.swift in Sources */ = {isa = PBXBuildFile; fileRef = 42BA8258287C0E8D001F1744 /* BNISRewardedVideoRouter.swift */; };
		42BA826A287C64A5001F1744 /* BidOnDecoratorFyber.h in Headers */ = {isa = PBXBuildFile; fileRef = 42BA8269287C64A5001F1744 /* BidOnDecoratorFyber.h */; settings = {ATTRIBUTES = (Public, ); }; };
		42BA8282287C65B6001F1744 /* FairBid+Proxy.swift in Sources */ = {isa = PBXBuildFile; fileRef = 42BA8281287C65B6001F1744 /* FairBid+Proxy.swift */; };
		42BA8284287C67B6001F1744 /* BNFYBInterstitial.swift in Sources */ = {isa = PBXBuildFile; fileRef = 42BA8283287C67B6001F1744 /* BNFYBInterstitial.swift */; };
		42BA8287287C68AD001F1744 /* FyberInterstitialDemandProvider.swift in Sources */ = {isa = PBXBuildFile; fileRef = 42BA8286287C68AD001F1744 /* FyberInterstitialDemandProvider.swift */; };
		42BA828C287C73F6001F1744 /* BNFYBImpressionDataWrapper.swift in Sources */ = {isa = PBXBuildFile; fileRef = 42BA828B287C73F6001F1744 /* BNFYBImpressionDataWrapper.swift */; };
		42EC98812891419B003BE6CF /* BidOn.framework in Frameworks */ = {isa = PBXBuildFile; fileRef = 42EC98802891419B003BE6CF /* BidOn.framework */; };
		42EC9885289141A3003BE6CF /* BidOn.framework in Frameworks */ = {isa = PBXBuildFile; fileRef = 42EC9884289141A3003BE6CF /* BidOn.framework */; };
		42EC9889289141AC003BE6CF /* BidOn.framework in Frameworks */ = {isa = PBXBuildFile; fileRef = 42EC9888289141AC003BE6CF /* BidOn.framework */; };
		78C4C8BF55E57F16569A59DF /* Pods_BidOnDecoratorIronSource.framework in Frameworks */ = {isa = PBXBuildFile; fileRef = 1347F3FC110DF93305700DDF /* Pods_BidOnDecoratorIronSource.framework */; };
		B54097BDD19CD8960314CE57 /* Pods_BidOnDecoratorFyber.framework in Frameworks */ = {isa = PBXBuildFile; fileRef = B17C11ED454BB86EE6EC88FF /* Pods_BidOnDecoratorFyber.framework */; };
		C49D1417F611D561DC5BC5EB /* Pods_BidOnDecoratorAppLovinMax.framework in Frameworks */ = {isa = PBXBuildFile; fileRef = 3DA2C1C949B9272C08B399F8 /* Pods_BidOnDecoratorAppLovinMax.framework */; };
/* End PBXBuildFile section */

/* Begin PBXFileReference section */
		124D98BCE26361E223EEA284 /* Pods-BidOnDecoratorFyber.release.xcconfig */ = {isa = PBXFileReference; includeInIndex = 1; lastKnownFileType = text.xcconfig; name = "Pods-BidOnDecoratorFyber.release.xcconfig"; path = "Target Support Files/Pods-BidOnDecoratorFyber/Pods-BidOnDecoratorFyber.release.xcconfig"; sourceTree = "<group>"; };
		1347F3FC110DF93305700DDF /* Pods_BidOnDecoratorIronSource.framework */ = {isa = PBXFileReference; explicitFileType = wrapper.framework; includeInIndex = 0; path = Pods_BidOnDecoratorIronSource.framework; sourceTree = BUILT_PRODUCTS_DIR; };
		3DA2C1C949B9272C08B399F8 /* Pods_BidOnDecoratorAppLovinMax.framework */ = {isa = PBXFileReference; explicitFileType = wrapper.framework; includeInIndex = 0; path = Pods_BidOnDecoratorAppLovinMax.framework; sourceTree = BUILT_PRODUCTS_DIR; };
		4234B1292890119D00CFAB05 /* IronSourceSdk+Extensions.swift */ = {isa = PBXFileReference; lastKnownFileType = sourcecode.swift; path = "IronSourceSdk+Extensions.swift"; sourceTree = "<group>"; };
		42389DE92872E2A2006024BA /* BNMAAdWrapper.swift */ = {isa = PBXFileReference; lastKnownFileType = sourcecode.swift; path = BNMAAdWrapper.swift; sourceTree = "<group>"; };
		42389E0B287436EA006024BA /* BNMAAdDelegate.swift */ = {isa = PBXFileReference; lastKnownFileType = sourcecode.swift; path = BNMAAdDelegate.swift; sourceTree = "<group>"; };
		42389E0D2874378C006024BA /* BNMAAdRevenueDelegate.swift */ = {isa = PBXFileReference; lastKnownFileType = sourcecode.swift; path = BNMAAdRevenueDelegate.swift; sourceTree = "<group>"; };
		42389E0F28743ADE006024BA /* BNMAAdReviewDelegate.swift */ = {isa = PBXFileReference; lastKnownFileType = sourcecode.swift; path = BNMAAdReviewDelegate.swift; sourceTree = "<group>"; };
		429EE28D286B38FE009439C6 /* BidOnDecoratorAppLovinMax.framework */ = {isa = PBXFileReference; explicitFileType = wrapper.framework; includeInIndex = 0; path = BidOnDecoratorAppLovinMax.framework; sourceTree = BUILT_PRODUCTS_DIR; };
		429EE290286B38FE009439C6 /* BidOnDecoratorAppLovinMax.h */ = {isa = PBXFileReference; lastKnownFileType = sourcecode.c.h; path = BidOnDecoratorAppLovinMax.h; sourceTree = "<group>"; };
		429EE2B1286B438A009439C6 /* BNMAInterstitialAd.swift */ = {isa = PBXFileReference; lastKnownFileType = sourcecode.swift; path = BNMAInterstitialAd.swift; sourceTree = "<group>"; };
		429EE2B3286B59B9009439C6 /* ALSdk+Proxy.swift */ = {isa = PBXFileReference; lastKnownFileType = sourcecode.swift; path = "ALSdk+Proxy.swift"; sourceTree = "<group>"; };
		429EE2D8286EF59B009439C6 /* AppLovinFullscreenDemandProvider.swift */ = {isa = PBXFileReference; lastKnownFileType = sourcecode.swift; path = AppLovinFullscreenDemandProvider.swift; sourceTree = "<group>"; };
		42A6B631287D63A900C1DFB9 /* BNFYBInterstitialDelegate.swift */ = {isa = PBXFileReference; lastKnownFileType = sourcecode.swift; path = BNFYBInterstitialDelegate.swift; sourceTree = "<group>"; };
		42A6B638287D7DE600C1DFB9 /* BNFYBAuctionDelegate.swift */ = {isa = PBXFileReference; lastKnownFileType = sourcecode.swift; path = BNFYBAuctionDelegate.swift; sourceTree = "<group>"; };
		42A6B63C287D937C00C1DFB9 /* BNFYBRewarded.swift */ = {isa = PBXFileReference; lastKnownFileType = sourcecode.swift; path = BNFYBRewarded.swift; sourceTree = "<group>"; };
		42A6B63E287D942900C1DFB9 /* BNFYBRewardedDelegate.swift */ = {isa = PBXFileReference; lastKnownFileType = sourcecode.swift; path = BNFYBRewardedDelegate.swift; sourceTree = "<group>"; };
		42A6B640287D963B00C1DFB9 /* FyberRewardedAdDemandProvider.swift */ = {isa = PBXFileReference; lastKnownFileType = sourcecode.swift; path = FyberRewardedAdDemandProvider.swift; sourceTree = "<group>"; };
		42A6B649287D9DBC00C1DFB9 /* FyberBannerDemandProvider.swift */ = {isa = PBXFileReference; lastKnownFileType = sourcecode.swift; path = FyberBannerDemandProvider.swift; sourceTree = "<group>"; };
		42A6B652287DC42900C1DFB9 /* BNFYBBanner.swift */ = {isa = PBXFileReference; lastKnownFileType = sourcecode.swift; path = BNFYBBanner.swift; sourceTree = "<group>"; };
		42A6B654287DC4EB00C1DFB9 /* BNFYBBannerDelegate.swift */ = {isa = PBXFileReference; lastKnownFileType = sourcecode.swift; path = BNFYBBannerDelegate.swift; sourceTree = "<group>"; };
		42A6B656287DC56500C1DFB9 /* BNFYBBannerAdView.swift */ = {isa = PBXFileReference; lastKnownFileType = sourcecode.swift; path = BNFYBBannerAdView.swift; sourceTree = "<group>"; };
		42B4B3232881951300AADB32 /* BNISBannerView.swift */ = {isa = PBXFileReference; lastKnownFileType = sourcecode.swift; path = BNISBannerView.swift; sourceTree = "<group>"; };
		42B4B330288559CE00AADB32 /* BNMAAdPublisher.swift */ = {isa = PBXFileReference; lastKnownFileType = sourcecode.swift; path = BNMAAdPublisher.swift; sourceTree = "<group>"; };
		42B4B33428855FC900AADB32 /* BNMARewardedAdPublisher.swift */ = {isa = PBXFileReference; lastKnownFileType = sourcecode.swift; path = BNMARewardedAdPublisher.swift; sourceTree = "<group>"; };
		42B4B3362885616000AADB32 /* BNMAAdViewAdPublisher.swift */ = {isa = PBXFileReference; lastKnownFileType = sourcecode.swift; path = BNMAAdViewAdPublisher.swift; sourceTree = "<group>"; };
		42B4B338288561C800AADB32 /* BNMAuctionPublisher.swift */ = {isa = PBXFileReference; lastKnownFileType = sourcecode.swift; path = BNMAuctionPublisher.swift; sourceTree = "<group>"; };
		42B4B33A288563BD00AADB32 /* BNMAAdRevenuePublisher.swift */ = {isa = PBXFileReference; lastKnownFileType = sourcecode.swift; path = BNMAAdRevenuePublisher.swift; sourceTree = "<group>"; };
		42B4B33C2885641D00AADB32 /* BNMAAdReviewPublisher.swift */ = {isa = PBXFileReference; lastKnownFileType = sourcecode.swift; path = BNMAAdReviewPublisher.swift; sourceTree = "<group>"; };
		42B4B33F28858E5900AADB32 /* BNFYBAuctionPublisher.swift */ = {isa = PBXFileReference; lastKnownFileType = sourcecode.swift; path = BNFYBAuctionPublisher.swift; sourceTree = "<group>"; };
		42B4B3412885909B00AADB32 /* BNFYBInterstitialPublisher.swift */ = {isa = PBXFileReference; lastKnownFileType = sourcecode.swift; path = BNFYBInterstitialPublisher.swift; sourceTree = "<group>"; };
		42B4B3432885926B00AADB32 /* BNFYBRewardedPublisher.swift */ = {isa = PBXFileReference; lastKnownFileType = sourcecode.swift; path = BNFYBRewardedPublisher.swift; sourceTree = "<group>"; };
		42B4B3452885946F00AADB32 /* BNFYBBannerPublisher.swift */ = {isa = PBXFileReference; lastKnownFileType = sourcecode.swift; path = BNFYBBannerPublisher.swift; sourceTree = "<group>"; };
		42B4B3482885A9C100AADB32 /* BNISAuctionPublisher.swift */ = {isa = PBXFileReference; fileEncoding = 4; lastKnownFileType = sourcecode.swift; path = BNISAuctionPublisher.swift; sourceTree = "<group>"; };
		42B4B3492885A9C100AADB32 /* BNLevelPlayInterstitialPublisher.swift */ = {isa = PBXFileReference; fileEncoding = 4; lastKnownFileType = sourcecode.swift; path = BNLevelPlayInterstitialPublisher.swift; sourceTree = "<group>"; };
		42B4B34A2885A9C100AADB32 /* BNLevelPlayBannerPublisher.swift */ = {isa = PBXFileReference; fileEncoding = 4; lastKnownFileType = sourcecode.swift; path = BNLevelPlayBannerPublisher.swift; sourceTree = "<group>"; };
		42B4B34B2885A9C100AADB32 /* BNLevelPlayRewardedVideoPublisher.swift */ = {isa = PBXFileReference; fileEncoding = 4; lastKnownFileType = sourcecode.swift; path = BNLevelPlayRewardedVideoPublisher.swift; sourceTree = "<group>"; };
		42B4B34C2885A9C100AADB32 /* ISRewardedVideoPublisher.swift */ = {isa = PBXFileReference; fileEncoding = 4; lastKnownFileType = sourcecode.swift; path = ISRewardedVideoPublisher.swift; sourceTree = "<group>"; };
		42B4B34D2885A9C100AADB32 /* ISInterstitialPublisher.swift */ = {isa = PBXFileReference; fileEncoding = 4; lastKnownFileType = sourcecode.swift; path = ISInterstitialPublisher.swift; sourceTree = "<group>"; };
		42B9760F287F0165006F4EAA /* AdViewFormat+Extensions.swift */ = {isa = PBXFileReference; lastKnownFileType = sourcecode.swift; path = "AdViewFormat+Extensions.swift"; sourceTree = "<group>"; };
		42B97617287F0EE6006F4EAA /* BNLevelPlayRewardedVideoDelegate.swift */ = {isa = PBXFileReference; lastKnownFileType = sourcecode.swift; path = BNLevelPlayRewardedVideoDelegate.swift; sourceTree = "<group>"; };
		42B97619287F1CC2006F4EAA /* BNISAuctionDelegate.swift */ = {isa = PBXFileReference; lastKnownFileType = sourcecode.swift; path = BNISAuctionDelegate.swift; sourceTree = "<group>"; };
		42B9761B287F1E1B006F4EAA /* BNLevelPlayInterstitialDelegate.swift */ = {isa = PBXFileReference; lastKnownFileType = sourcecode.swift; path = BNLevelPlayInterstitialDelegate.swift; sourceTree = "<group>"; };
		42B9762C28803F14006F4EAA /* BNISPlacementInfo.swift */ = {isa = PBXFileReference; lastKnownFileType = sourcecode.swift; path = BNISPlacementInfo.swift; sourceTree = "<group>"; };
		42B9762E28804B25006F4EAA /* IronSourceAdViewDemandProvider.swift */ = {isa = PBXFileReference; lastKnownFileType = sourcecode.swift; path = IronSourceAdViewDemandProvider.swift; sourceTree = "<group>"; };
		42B97630288057A5006F4EAA /* BNISBannerRouter.swift */ = {isa = PBXFileReference; lastKnownFileType = sourcecode.swift; path = BNISBannerRouter.swift; sourceTree = "<group>"; };
		42B976322880596A006F4EAA /* BNLevelPlayBannerDelegate.swift */ = {isa = PBXFileReference; lastKnownFileType = sourcecode.swift; path = BNLevelPlayBannerDelegate.swift; sourceTree = "<group>"; };
		42B9763428805D9B006F4EAA /* BNISBannerDelegate.swift */ = {isa = PBXFileReference; lastKnownFileType = sourcecode.swift; path = BNISBannerDelegate.swift; sourceTree = "<group>"; };
		42BA81A728758A53001F1744 /* BNMAAuctionDelegate.swift */ = {isa = PBXFileReference; lastKnownFileType = sourcecode.swift; path = BNMAAuctionDelegate.swift; sourceTree = "<group>"; };
		42BA81D22876F9A1001F1744 /* BNMARewardedAd.swift */ = {isa = PBXFileReference; lastKnownFileType = sourcecode.swift; path = BNMARewardedAd.swift; sourceTree = "<group>"; };
		42BA81D42876FAE6001F1744 /* BNMARewardedAdDelegate.swift */ = {isa = PBXFileReference; lastKnownFileType = sourcecode.swift; path = BNMARewardedAdDelegate.swift; sourceTree = "<group>"; };
		42BA81D8287703E9001F1744 /* MAFullscreenAd.swift */ = {isa = PBXFileReference; lastKnownFileType = sourcecode.swift; path = MAFullscreenAd.swift; sourceTree = "<group>"; };
		42BA81DC28770C06001F1744 /* BNMARewardWrapper.swift */ = {isa = PBXFileReference; lastKnownFileType = sourcecode.swift; path = BNMARewardWrapper.swift; sourceTree = "<group>"; };
		42BA81F428772DB3001F1744 /* BNMAAdView.swift */ = {isa = PBXFileReference; lastKnownFileType = sourcecode.swift; path = BNMAAdView.swift; sourceTree = "<group>"; };
		42BA81F6287730E0001F1744 /* BNMAAdViewAdDelegate.swift */ = {isa = PBXFileReference; lastKnownFileType = sourcecode.swift; path = BNMAAdViewAdDelegate.swift; sourceTree = "<group>"; };
		42BA81FA287734B0001F1744 /* AppLovinAdViewDemandProvider.swift */ = {isa = PBXFileReference; lastKnownFileType = sourcecode.swift; path = AppLovinAdViewDemandProvider.swift; sourceTree = "<group>"; };
		42BA821C287B25AA001F1744 /* BidOnDecoratorIronSource.framework */ = {isa = PBXFileReference; explicitFileType = wrapper.framework; includeInIndex = 0; path = BidOnDecoratorIronSource.framework; sourceTree = BUILT_PRODUCTS_DIR; };
		42BA821E287B25AA001F1744 /* BidOnDecoratorIronSource.h */ = {isa = PBXFileReference; lastKnownFileType = sourcecode.c.h; path = BidOnDecoratorIronSource.h; sourceTree = "<group>"; };
		42BA8224287B26BC001F1744 /* IronSource+Proxy.swift */ = {isa = PBXFileReference; lastKnownFileType = sourcecode.swift; path = "IronSource+Proxy.swift"; sourceTree = "<group>"; };
		42BA824E287B4F51001F1744 /* BNISInterstitialRouter.swift */ = {isa = PBXFileReference; lastKnownFileType = sourcecode.swift; path = BNISInterstitialRouter.swift; sourceTree = "<group>"; };
		42BA8251287B5D3B001F1744 /* IronSourceInterstitialDemandProvider.swift */ = {isa = PBXFileReference; lastKnownFileType = sourcecode.swift; path = IronSourceInterstitialDemandProvider.swift; sourceTree = "<group>"; };
		42BA8254287B63D0001F1744 /* BNISAdInfo.swift */ = {isa = PBXFileReference; lastKnownFileType = sourcecode.swift; path = BNISAdInfo.swift; sourceTree = "<group>"; };
		42BA8256287C0DCC001F1744 /* IronSourceRewardedAdDemandProvider.swift */ = {isa = PBXFileReference; lastKnownFileType = sourcecode.swift; path = IronSourceRewardedAdDemandProvider.swift; sourceTree = "<group>"; };
		42BA8258287C0E8D001F1744 /* BNISRewardedVideoRouter.swift */ = {isa = PBXFileReference; lastKnownFileType = sourcecode.swift; path = BNISRewardedVideoRouter.swift; sourceTree = "<group>"; };
		42BA8267287C64A5001F1744 /* BidOnDecoratorFyber.framework */ = {isa = PBXFileReference; explicitFileType = wrapper.framework; includeInIndex = 0; path = BidOnDecoratorFyber.framework; sourceTree = BUILT_PRODUCTS_DIR; };
		42BA8269287C64A5001F1744 /* BidOnDecoratorFyber.h */ = {isa = PBXFileReference; lastKnownFileType = sourcecode.c.h; path = BidOnDecoratorFyber.h; sourceTree = "<group>"; };
		42BA8281287C65B6001F1744 /* FairBid+Proxy.swift */ = {isa = PBXFileReference; lastKnownFileType = sourcecode.swift; path = "FairBid+Proxy.swift"; sourceTree = "<group>"; };
		42BA8283287C67B6001F1744 /* BNFYBInterstitial.swift */ = {isa = PBXFileReference; lastKnownFileType = sourcecode.swift; path = BNFYBInterstitial.swift; sourceTree = "<group>"; };
		42BA8286287C68AD001F1744 /* FyberInterstitialDemandProvider.swift */ = {isa = PBXFileReference; lastKnownFileType = sourcecode.swift; path = FyberInterstitialDemandProvider.swift; sourceTree = "<group>"; };
		42BA828B287C73F6001F1744 /* BNFYBImpressionDataWrapper.swift */ = {isa = PBXFileReference; lastKnownFileType = sourcecode.swift; path = BNFYBImpressionDataWrapper.swift; sourceTree = "<group>"; };
		42EC98802891419B003BE6CF /* BidOn.framework */ = {isa = PBXFileReference; explicitFileType = wrapper.framework; path = BidOn.framework; sourceTree = BUILT_PRODUCTS_DIR; };
		42EC9884289141A3003BE6CF /* BidOn.framework */ = {isa = PBXFileReference; explicitFileType = wrapper.framework; path = BidOn.framework; sourceTree = BUILT_PRODUCTS_DIR; };
		42EC9888289141AC003BE6CF /* BidOn.framework */ = {isa = PBXFileReference; explicitFileType = wrapper.framework; path = BidOn.framework; sourceTree = BUILT_PRODUCTS_DIR; };
		591D1DCA2955598B119A5D54 /* Pods-BidOnDecoratorIronSource.debug.xcconfig */ = {isa = PBXFileReference; includeInIndex = 1; lastKnownFileType = text.xcconfig; name = "Pods-BidOnDecoratorIronSource.debug.xcconfig"; path = "Target Support Files/Pods-BidOnDecoratorIronSource/Pods-BidOnDecoratorIronSource.debug.xcconfig"; sourceTree = "<group>"; };
		8BE6127774F0B9CB41D4E7A1 /* Pods-BidOnDecoratorFyber.debug.xcconfig */ = {isa = PBXFileReference; includeInIndex = 1; lastKnownFileType = text.xcconfig; name = "Pods-BidOnDecoratorFyber.debug.xcconfig"; path = "Target Support Files/Pods-BidOnDecoratorFyber/Pods-BidOnDecoratorFyber.debug.xcconfig"; sourceTree = "<group>"; };
		9DBA37E0C4B65561E3C963A4 /* Pods-BidOnDecoratorAppLovinMax.release.xcconfig */ = {isa = PBXFileReference; includeInIndex = 1; lastKnownFileType = text.xcconfig; name = "Pods-BidOnDecoratorAppLovinMax.release.xcconfig"; path = "Target Support Files/Pods-BidOnDecoratorAppLovinMax/Pods-BidOnDecoratorAppLovinMax.release.xcconfig"; sourceTree = "<group>"; };
		AD2BB8EA44FBF5EBAB6C45CC /* Pods-BidOnDecoratorAppLovinMax.debug.xcconfig */ = {isa = PBXFileReference; includeInIndex = 1; lastKnownFileType = text.xcconfig; name = "Pods-BidOnDecoratorAppLovinMax.debug.xcconfig"; path = "Target Support Files/Pods-BidOnDecoratorAppLovinMax/Pods-BidOnDecoratorAppLovinMax.debug.xcconfig"; sourceTree = "<group>"; };
		B17C11ED454BB86EE6EC88FF /* Pods_BidOnDecoratorFyber.framework */ = {isa = PBXFileReference; explicitFileType = wrapper.framework; includeInIndex = 0; path = Pods_BidOnDecoratorFyber.framework; sourceTree = BUILT_PRODUCTS_DIR; };
		FDAC0D3390FC0281A0A0CDDD /* Pods-BidOnDecoratorIronSource.release.xcconfig */ = {isa = PBXFileReference; includeInIndex = 1; lastKnownFileType = text.xcconfig; name = "Pods-BidOnDecoratorIronSource.release.xcconfig"; path = "Target Support Files/Pods-BidOnDecoratorIronSource/Pods-BidOnDecoratorIronSource.release.xcconfig"; sourceTree = "<group>"; };
/* End PBXFileReference section */

/* Begin PBXFrameworksBuildPhase section */
		429EE28A286B38FE009439C6 /* Frameworks */ = {
			isa = PBXFrameworksBuildPhase;
			buildActionMask = 2147483647;
			files = (
				42EC9889289141AC003BE6CF /* BidOn.framework in Frameworks */,
				C49D1417F611D561DC5BC5EB /* Pods_BidOnDecoratorAppLovinMax.framework in Frameworks */,
			);
			runOnlyForDeploymentPostprocessing = 0;
		};
		42BA8219287B25AA001F1744 /* Frameworks */ = {
			isa = PBXFrameworksBuildPhase;
			buildActionMask = 2147483647;
			files = (
				42EC98812891419B003BE6CF /* BidOn.framework in Frameworks */,
				78C4C8BF55E57F16569A59DF /* Pods_BidOnDecoratorIronSource.framework in Frameworks */,
			);
			runOnlyForDeploymentPostprocessing = 0;
		};
		42BA8264287C64A5001F1744 /* Frameworks */ = {
			isa = PBXFrameworksBuildPhase;
			buildActionMask = 2147483647;
			files = (
				42EC9885289141A3003BE6CF /* BidOn.framework in Frameworks */,
				B54097BDD19CD8960314CE57 /* Pods_BidOnDecoratorFyber.framework in Frameworks */,
			);
			runOnlyForDeploymentPostprocessing = 0;
		};
/* End PBXFrameworksBuildPhase section */

/* Begin PBXGroup section */
		4234B1282890118500CFAB05 /* Extensions */ = {
			isa = PBXGroup;
			children = (
				4234B1292890119D00CFAB05 /* IronSourceSdk+Extensions.swift */,
			);
			path = Extensions;
			sourceTree = "<group>";
		};
		42389E14287463AA006024BA /* Delegate */ = {
			isa = PBXGroup;
			children = (
				42389E0B287436EA006024BA /* BNMAAdDelegate.swift */,
				42BA81D42876FAE6001F1744 /* BNMARewardedAdDelegate.swift */,
				42BA81F6287730E0001F1744 /* BNMAAdViewAdDelegate.swift */,
				42BA81A728758A53001F1744 /* BNMAAuctionDelegate.swift */,
				42389E0D2874378C006024BA /* BNMAAdRevenueDelegate.swift */,
				42389E0F28743ADE006024BA /* BNMAAdReviewDelegate.swift */,
			);
			path = Delegate;
			sourceTree = "<group>";
		};
		429EE281286B3481009439C6 = {
			isa = PBXGroup;
			children = (
				429EE28F286B38FE009439C6 /* BidOnDecoratorAppLovinMax */,
				42BA8268287C64A5001F1744 /* BidOnDecoratorFyber */,
				42BA821D287B25AA001F1744 /* BidOnDecoratorIronSource */,
				429EE28E286B38FE009439C6 /* Products */,
				B3D9F426D094669891C24479 /* Pods */,
				6F4298EBCE471EE63C835613 /* Frameworks */,
			);
			sourceTree = "<group>";
		};
		429EE28E286B38FE009439C6 /* Products */ = {
			isa = PBXGroup;
			children = (
				429EE28D286B38FE009439C6 /* BidOnDecoratorAppLovinMax.framework */,
				42BA821C287B25AA001F1744 /* BidOnDecoratorIronSource.framework */,
				42BA8267287C64A5001F1744 /* BidOnDecoratorFyber.framework */,
			);
			name = Products;
			sourceTree = "<group>";
		};
		429EE28F286B38FE009439C6 /* BidOnDecoratorAppLovinMax */ = {
			isa = PBXGroup;
			children = (
				429EE2D7286EF540009439C6 /* DemandProviders */,
				429EE2D6286EF4E8009439C6 /* Wrapper */,
				429EE290286B38FE009439C6 /* BidOnDecoratorAppLovinMax.h */,
			);
			path = BidOnDecoratorAppLovinMax;
			sourceTree = "<group>";
		};
		429EE2D6286EF4E8009439C6 /* Wrapper */ = {
			isa = PBXGroup;
			children = (
				42BA81FD28773903001F1744 /* AdObjects */,
				42BA81FC287738E9001F1744 /* Models */,
				42B4B32F2885596F00AADB32 /* Combine */,
				42389E14287463AA006024BA /* Delegate */,
				429EE2B3286B59B9009439C6 /* ALSdk+Proxy.swift */,
			);
			path = Wrapper;
			sourceTree = "<group>";
		};
		429EE2D7286EF540009439C6 /* DemandProviders */ = {
			isa = PBXGroup;
			children = (
				429EE2D8286EF59B009439C6 /* AppLovinFullscreenDemandProvider.swift */,
				42BA81FA287734B0001F1744 /* AppLovinAdViewDemandProvider.swift */,
				42BA81D8287703E9001F1744 /* MAFullscreenAd.swift */,
			);
			path = DemandProviders;
			sourceTree = "<group>";
		};
		42A6B630287D638900C1DFB9 /* Delegates */ = {
			isa = PBXGroup;
			children = (
				42A6B631287D63A900C1DFB9 /* BNFYBInterstitialDelegate.swift */,
				42A6B63E287D942900C1DFB9 /* BNFYBRewardedDelegate.swift */,
				42A6B654287DC4EB00C1DFB9 /* BNFYBBannerDelegate.swift */,
				42A6B638287D7DE600C1DFB9 /* BNFYBAuctionDelegate.swift */,
			);
			path = Delegates;
			sourceTree = "<group>";
		};
		42B4B32F2885596F00AADB32 /* Combine */ = {
			isa = PBXGroup;
			children = (
				42B4B330288559CE00AADB32 /* BNMAAdPublisher.swift */,
				42B4B33428855FC900AADB32 /* BNMARewardedAdPublisher.swift */,
				42B4B3362885616000AADB32 /* BNMAAdViewAdPublisher.swift */,
				42B4B338288561C800AADB32 /* BNMAuctionPublisher.swift */,
				42B4B33A288563BD00AADB32 /* BNMAAdRevenuePublisher.swift */,
				42B4B33C2885641D00AADB32 /* BNMAAdReviewPublisher.swift */,
			);
			path = Combine;
			sourceTree = "<group>";
		};
		42B4B33E28858E0700AADB32 /* Combine */ = {
			isa = PBXGroup;
			children = (
				42B4B33F28858E5900AADB32 /* BNFYBAuctionPublisher.swift */,
				42B4B3412885909B00AADB32 /* BNFYBInterstitialPublisher.swift */,
				42B4B3432885926B00AADB32 /* BNFYBRewardedPublisher.swift */,
				42B4B3452885946F00AADB32 /* BNFYBBannerPublisher.swift */,
			);
			path = Combine;
			sourceTree = "<group>";
		};
		42B4B3472885A97D00AADB32 /* Combine */ = {
			isa = PBXGroup;
			children = (
				42B4B34B2885A9C100AADB32 /* BNLevelPlayRewardedVideoPublisher.swift */,
				42B4B3492885A9C100AADB32 /* BNLevelPlayInterstitialPublisher.swift */,
				42B4B34A2885A9C100AADB32 /* BNLevelPlayBannerPublisher.swift */,
				42B4B34C2885A9C100AADB32 /* ISRewardedVideoPublisher.swift */,
				42B4B34D2885A9C100AADB32 /* ISInterstitialPublisher.swift */,
				42B4B3482885A9C100AADB32 /* BNISAuctionPublisher.swift */,
			);
			path = Combine;
			sourceTree = "<group>";
		};
		42B97616287F0E45006F4EAA /* Delegates */ = {
			isa = PBXGroup;
			children = (
				42B97617287F0EE6006F4EAA /* BNLevelPlayRewardedVideoDelegate.swift */,
				42B9761B287F1E1B006F4EAA /* BNLevelPlayInterstitialDelegate.swift */,
				42B976322880596A006F4EAA /* BNLevelPlayBannerDelegate.swift */,
				42B9763428805D9B006F4EAA /* BNISBannerDelegate.swift */,
				42B97619287F1CC2006F4EAA /* BNISAuctionDelegate.swift */,
			);
			path = Delegates;
			sourceTree = "<group>";
		};
		42BA81FC287738E9001F1744 /* Models */ = {
			isa = PBXGroup;
			children = (
				42389DE92872E2A2006024BA /* BNMAAdWrapper.swift */,
				42BA81DC28770C06001F1744 /* BNMARewardWrapper.swift */,
			);
			path = Models;
			sourceTree = "<group>";
		};
		42BA81FD28773903001F1744 /* AdObjects */ = {
			isa = PBXGroup;
			children = (
				429EE2B1286B438A009439C6 /* BNMAInterstitialAd.swift */,
				42BA81D22876F9A1001F1744 /* BNMARewardedAd.swift */,
				42BA81F428772DB3001F1744 /* BNMAAdView.swift */,
			);
			path = AdObjects;
			sourceTree = "<group>";
		};
		42BA821D287B25AA001F1744 /* BidOnDecoratorIronSource */ = {
			isa = PBXGroup;
			children = (
				42BA8250287B5D1B001F1744 /* Adapter */,
				42BA8223287B266C001F1744 /* Wrapper */,
				42BA821E287B25AA001F1744 /* BidOnDecoratorIronSource.h */,
			);
			path = BidOnDecoratorIronSource;
			sourceTree = "<group>";
		};
		42BA8223287B266C001F1744 /* Wrapper */ = {
			isa = PBXGroup;
			children = (
				4234B1282890118500CFAB05 /* Extensions */,
				42B4B3472885A97D00AADB32 /* Combine */,
				42B97616287F0E45006F4EAA /* Delegates */,
				42BA8253287B63B3001F1744 /* Models */,
				42BA8224287B26BC001F1744 /* IronSource+Proxy.swift */,
				42BA824E287B4F51001F1744 /* BNISInterstitialRouter.swift */,
				42BA8258287C0E8D001F1744 /* BNISRewardedVideoRouter.swift */,
				42B97630288057A5006F4EAA /* BNISBannerRouter.swift */,
			);
			path = Wrapper;
			sourceTree = "<group>";
		};
		42BA8250287B5D1B001F1744 /* Adapter */ = {
			isa = PBXGroup;
			children = (
				42BA8251287B5D3B001F1744 /* IronSourceInterstitialDemandProvider.swift */,
				42BA8256287C0DCC001F1744 /* IronSourceRewardedAdDemandProvider.swift */,
				42B9762E28804B25006F4EAA /* IronSourceAdViewDemandProvider.swift */,
			);
			path = Adapter;
			sourceTree = "<group>";
		};
		42BA8253287B63B3001F1744 /* Models */ = {
			isa = PBXGroup;
			children = (
				42BA8254287B63D0001F1744 /* BNISAdInfo.swift */,
				42B9762C28803F14006F4EAA /* BNISPlacementInfo.swift */,
				42B4B3232881951300AADB32 /* BNISBannerView.swift */,
			);
			path = Models;
			sourceTree = "<group>";
		};
		42BA8268287C64A5001F1744 /* BidOnDecoratorFyber */ = {
			isa = PBXGroup;
			children = (
				42BA8285287C688F001F1744 /* Adapter */,
				42BA8280287C659B001F1744 /* Wrapper */,
				42BA8269287C64A5001F1744 /* BidOnDecoratorFyber.h */,
			);
			path = BidOnDecoratorFyber;
			sourceTree = "<group>";
		};
		42BA8280287C659B001F1744 /* Wrapper */ = {
			isa = PBXGroup;
			children = (
				42B4B33E28858E0700AADB32 /* Combine */,
				42A6B630287D638900C1DFB9 /* Delegates */,
				42BA828A287C73D5001F1744 /* Models */,
				42BA8281287C65B6001F1744 /* FairBid+Proxy.swift */,
				42BA8283287C67B6001F1744 /* BNFYBInterstitial.swift */,
				42A6B63C287D937C00C1DFB9 /* BNFYBRewarded.swift */,
				42A6B652287DC42900C1DFB9 /* BNFYBBanner.swift */,
			);
			path = Wrapper;
			sourceTree = "<group>";
		};
		42BA8285287C688F001F1744 /* Adapter */ = {
			isa = PBXGroup;
			children = (
				42BA8286287C68AD001F1744 /* FyberInterstitialDemandProvider.swift */,
				42A6B640287D963B00C1DFB9 /* FyberRewardedAdDemandProvider.swift */,
				42A6B649287D9DBC00C1DFB9 /* FyberBannerDemandProvider.swift */,
			);
			path = Adapter;
			sourceTree = "<group>";
		};
		42BA828A287C73D5001F1744 /* Models */ = {
			isa = PBXGroup;
			children = (
				42BA828B287C73F6001F1744 /* BNFYBImpressionDataWrapper.swift */,
				42A6B656287DC56500C1DFB9 /* BNFYBBannerAdView.swift */,
				42B9760F287F0165006F4EAA /* AdViewFormat+Extensions.swift */,
			);
			path = Models;
			sourceTree = "<group>";
		};
		6F4298EBCE471EE63C835613 /* Frameworks */ = {
			isa = PBXGroup;
			children = (
				42EC9888289141AC003BE6CF /* BidOn.framework */,
				42EC9884289141A3003BE6CF /* BidOn.framework */,
				42EC98802891419B003BE6CF /* BidOn.framework */,
				3DA2C1C949B9272C08B399F8 /* Pods_BidOnDecoratorAppLovinMax.framework */,
				B17C11ED454BB86EE6EC88FF /* Pods_BidOnDecoratorFyber.framework */,
				1347F3FC110DF93305700DDF /* Pods_BidOnDecoratorIronSource.framework */,
			);
			name = Frameworks;
			sourceTree = "<group>";
		};
		B3D9F426D094669891C24479 /* Pods */ = {
			isa = PBXGroup;
			children = (
				AD2BB8EA44FBF5EBAB6C45CC /* Pods-BidOnDecoratorAppLovinMax.debug.xcconfig */,
				9DBA37E0C4B65561E3C963A4 /* Pods-BidOnDecoratorAppLovinMax.release.xcconfig */,
				8BE6127774F0B9CB41D4E7A1 /* Pods-BidOnDecoratorFyber.debug.xcconfig */,
				124D98BCE26361E223EEA284 /* Pods-BidOnDecoratorFyber.release.xcconfig */,
				591D1DCA2955598B119A5D54 /* Pods-BidOnDecoratorIronSource.debug.xcconfig */,
				FDAC0D3390FC0281A0A0CDDD /* Pods-BidOnDecoratorIronSource.release.xcconfig */,
			);
			name = Pods;
			path = ../Pods;
			sourceTree = "<group>";
		};
/* End PBXGroup section */

/* Begin PBXHeadersBuildPhase section */
		429EE288286B38FE009439C6 /* Headers */ = {
			isa = PBXHeadersBuildPhase;
			buildActionMask = 2147483647;
			files = (
				429EE291286B38FE009439C6 /* BidOnDecoratorAppLovinMax.h in Headers */,
			);
			runOnlyForDeploymentPostprocessing = 0;
		};
		42BA8217287B25AA001F1744 /* Headers */ = {
			isa = PBXHeadersBuildPhase;
			buildActionMask = 2147483647;
			files = (
				42BA821F287B25AB001F1744 /* BidOnDecoratorIronSource.h in Headers */,
			);
			runOnlyForDeploymentPostprocessing = 0;
		};
		42BA8262287C64A5001F1744 /* Headers */ = {
			isa = PBXHeadersBuildPhase;
			buildActionMask = 2147483647;
			files = (
				42BA826A287C64A5001F1744 /* BidOnDecoratorFyber.h in Headers */,
			);
			runOnlyForDeploymentPostprocessing = 0;
		};
/* End PBXHeadersBuildPhase section */

/* Begin PBXNativeTarget section */
		429EE28C286B38FE009439C6 /* BidOnDecoratorAppLovinMax */ = {
			isa = PBXNativeTarget;
			buildConfigurationList = 429EE294286B38FE009439C6 /* Build configuration list for PBXNativeTarget "BidOnDecoratorAppLovinMax" */;
			buildPhases = (
				A850C10BCA24D60189C1BAEF /* [CP] Check Pods Manifest.lock */,
				429EE288286B38FE009439C6 /* Headers */,
				429EE289286B38FE009439C6 /* Sources */,
				429EE28A286B38FE009439C6 /* Frameworks */,
				429EE28B286B38FE009439C6 /* Resources */,
				6C9297199620EA4F63EC520F /* [CP] Copy Pods Resources */,
			);
			buildRules = (
			);
			dependencies = (
			);
			name = BidOnDecoratorAppLovinMax;
			productName = AppLovinDecorator;
			productReference = 429EE28D286B38FE009439C6 /* BidOnDecoratorAppLovinMax.framework */;
			productType = "com.apple.product-type.framework";
		};
		42BA821B287B25AA001F1744 /* BidOnDecoratorIronSource */ = {
			isa = PBXNativeTarget;
			buildConfigurationList = 42BA8220287B25AB001F1744 /* Build configuration list for PBXNativeTarget "BidOnDecoratorIronSource" */;
			buildPhases = (
				C3149041D61E709FDDF0DCFF /* [CP] Check Pods Manifest.lock */,
				42BA8217287B25AA001F1744 /* Headers */,
				42BA8218287B25AA001F1744 /* Sources */,
				42BA8219287B25AA001F1744 /* Frameworks */,
				42BA821A287B25AA001F1744 /* Resources */,
			);
			buildRules = (
			);
			dependencies = (
			);
			name = BidOnDecoratorIronSource;
			productName = IronSourceDecorator;
			productReference = 42BA821C287B25AA001F1744 /* BidOnDecoratorIronSource.framework */;
			productType = "com.apple.product-type.framework";
		};
		42BA8266287C64A5001F1744 /* BidOnDecoratorFyber */ = {
			isa = PBXNativeTarget;
			buildConfigurationList = 42BA826B287C64A5001F1744 /* Build configuration list for PBXNativeTarget "BidOnDecoratorFyber" */;
			buildPhases = (
				8B3B03D78BE0C7D15CEAE7D0 /* [CP] Check Pods Manifest.lock */,
				42BA8262287C64A5001F1744 /* Headers */,
				42BA8263287C64A5001F1744 /* Sources */,
				42BA8264287C64A5001F1744 /* Frameworks */,
				42BA8265287C64A5001F1744 /* Resources */,
			);
			buildRules = (
			);
			dependencies = (
			);
			name = BidOnDecoratorFyber;
			productName = FyberDecorator;
			productReference = 42BA8267287C64A5001F1744 /* BidOnDecoratorFyber.framework */;
			productType = "com.apple.product-type.framework";
		};
/* End PBXNativeTarget section */

/* Begin PBXProject section */
		429EE282286B3481009439C6 /* Project object */ = {
			isa = PBXProject;
			attributes = {
				BuildIndependentTargetsInParallel = 1;
				LastUpgradeCheck = 1330;
				TargetAttributes = {
					429EE28C286B38FE009439C6 = {
						CreatedOnToolsVersion = 13.3.1;
						LastSwiftMigration = 1330;
					};
					42BA821B287B25AA001F1744 = {
						CreatedOnToolsVersion = 13.3.1;
						LastSwiftMigration = 1330;
					};
					42BA8266287C64A5001F1744 = {
						CreatedOnToolsVersion = 13.3.1;
						LastSwiftMigration = 1330;
					};
				};
			};
			buildConfigurationList = 429EE285286B3481009439C6 /* Build configuration list for PBXProject "Decorators" */;
			compatibilityVersion = "Xcode 13.0";
			developmentRegion = en;
			hasScannedForEncodings = 0;
			knownRegions = (
				en,
				Base,
			);
			mainGroup = 429EE281286B3481009439C6;
			productRefGroup = 429EE28E286B38FE009439C6 /* Products */;
			projectDirPath = "";
			projectRoot = "";
			targets = (
				429EE28C286B38FE009439C6 /* BidOnDecoratorAppLovinMax */,
				42BA8266287C64A5001F1744 /* BidOnDecoratorFyber */,
				42BA821B287B25AA001F1744 /* BidOnDecoratorIronSource */,
			);
		};
/* End PBXProject section */

/* Begin PBXResourcesBuildPhase section */
		429EE28B286B38FE009439C6 /* Resources */ = {
			isa = PBXResourcesBuildPhase;
			buildActionMask = 2147483647;
			files = (
			);
			runOnlyForDeploymentPostprocessing = 0;
		};
		42BA821A287B25AA001F1744 /* Resources */ = {
			isa = PBXResourcesBuildPhase;
			buildActionMask = 2147483647;
			files = (
			);
			runOnlyForDeploymentPostprocessing = 0;
		};
		42BA8265287C64A5001F1744 /* Resources */ = {
			isa = PBXResourcesBuildPhase;
			buildActionMask = 2147483647;
			files = (
			);
			runOnlyForDeploymentPostprocessing = 0;
		};
/* End PBXResourcesBuildPhase section */

/* Begin PBXShellScriptBuildPhase section */
		6C9297199620EA4F63EC520F /* [CP] Copy Pods Resources */ = {
			isa = PBXShellScriptBuildPhase;
			buildActionMask = 2147483647;
			files = (
			);
			inputFileListPaths = (
				"${PODS_ROOT}/Target Support Files/Pods-BidOnDecoratorAppLovinMax/Pods-BidOnDecoratorAppLovinMax-resources-${CONFIGURATION}-input-files.xcfilelist",
			);
			name = "[CP] Copy Pods Resources";
			outputFileListPaths = (
				"${PODS_ROOT}/Target Support Files/Pods-BidOnDecoratorAppLovinMax/Pods-BidOnDecoratorAppLovinMax-resources-${CONFIGURATION}-output-files.xcfilelist",
			);
			runOnlyForDeploymentPostprocessing = 0;
			shellPath = /bin/sh;
			shellScript = "\"${PODS_ROOT}/Target Support Files/Pods-BidOnDecoratorAppLovinMax/Pods-BidOnDecoratorAppLovinMax-resources.sh\"\n";
			showEnvVarsInLog = 0;
		};
		8B3B03D78BE0C7D15CEAE7D0 /* [CP] Check Pods Manifest.lock */ = {
			isa = PBXShellScriptBuildPhase;
			buildActionMask = 2147483647;
			files = (
			);
			inputFileListPaths = (
			);
			inputPaths = (
				"${PODS_PODFILE_DIR_PATH}/Podfile.lock",
				"${PODS_ROOT}/Manifest.lock",
			);
			name = "[CP] Check Pods Manifest.lock";
			outputFileListPaths = (
			);
			outputPaths = (
				"$(DERIVED_FILE_DIR)/Pods-BidOnDecoratorFyber-checkManifestLockResult.txt",
			);
			runOnlyForDeploymentPostprocessing = 0;
			shellPath = /bin/sh;
			shellScript = "diff \"${PODS_PODFILE_DIR_PATH}/Podfile.lock\" \"${PODS_ROOT}/Manifest.lock\" > /dev/null\nif [ $? != 0 ] ; then\n    # print error to STDERR\n    echo \"error: The sandbox is not in sync with the Podfile.lock. Run 'pod install' or update your CocoaPods installation.\" >&2\n    exit 1\nfi\n# This output is used by Xcode 'outputs' to avoid re-running this script phase.\necho \"SUCCESS\" > \"${SCRIPT_OUTPUT_FILE_0}\"\n";
			showEnvVarsInLog = 0;
		};
		A850C10BCA24D60189C1BAEF /* [CP] Check Pods Manifest.lock */ = {
			isa = PBXShellScriptBuildPhase;
			buildActionMask = 2147483647;
			files = (
			);
			inputFileListPaths = (
			);
			inputPaths = (
				"${PODS_PODFILE_DIR_PATH}/Podfile.lock",
				"${PODS_ROOT}/Manifest.lock",
			);
			name = "[CP] Check Pods Manifest.lock";
			outputFileListPaths = (
			);
			outputPaths = (
				"$(DERIVED_FILE_DIR)/Pods-BidOnDecoratorAppLovinMax-checkManifestLockResult.txt",
			);
			runOnlyForDeploymentPostprocessing = 0;
			shellPath = /bin/sh;
			shellScript = "diff \"${PODS_PODFILE_DIR_PATH}/Podfile.lock\" \"${PODS_ROOT}/Manifest.lock\" > /dev/null\nif [ $? != 0 ] ; then\n    # print error to STDERR\n    echo \"error: The sandbox is not in sync with the Podfile.lock. Run 'pod install' or update your CocoaPods installation.\" >&2\n    exit 1\nfi\n# This output is used by Xcode 'outputs' to avoid re-running this script phase.\necho \"SUCCESS\" > \"${SCRIPT_OUTPUT_FILE_0}\"\n";
			showEnvVarsInLog = 0;
		};
		C3149041D61E709FDDF0DCFF /* [CP] Check Pods Manifest.lock */ = {
			isa = PBXShellScriptBuildPhase;
			buildActionMask = 2147483647;
			files = (
			);
			inputFileListPaths = (
			);
			inputPaths = (
				"${PODS_PODFILE_DIR_PATH}/Podfile.lock",
				"${PODS_ROOT}/Manifest.lock",
			);
			name = "[CP] Check Pods Manifest.lock";
			outputFileListPaths = (
			);
			outputPaths = (
				"$(DERIVED_FILE_DIR)/Pods-BidOnDecoratorIronSource-checkManifestLockResult.txt",
			);
			runOnlyForDeploymentPostprocessing = 0;
			shellPath = /bin/sh;
			shellScript = "diff \"${PODS_PODFILE_DIR_PATH}/Podfile.lock\" \"${PODS_ROOT}/Manifest.lock\" > /dev/null\nif [ $? != 0 ] ; then\n    # print error to STDERR\n    echo \"error: The sandbox is not in sync with the Podfile.lock. Run 'pod install' or update your CocoaPods installation.\" >&2\n    exit 1\nfi\n# This output is used by Xcode 'outputs' to avoid re-running this script phase.\necho \"SUCCESS\" > \"${SCRIPT_OUTPUT_FILE_0}\"\n";
			showEnvVarsInLog = 0;
		};
/* End PBXShellScriptBuildPhase section */

/* Begin PBXSourcesBuildPhase section */
		429EE289286B38FE009439C6 /* Sources */ = {
			isa = PBXSourcesBuildPhase;
			buildActionMask = 2147483647;
			files = (
				42BA81D32876F9A1001F1744 /* BNMARewardedAd.swift in Sources */,
				42B4B331288559CE00AADB32 /* BNMAAdPublisher.swift in Sources */,
				42BA81A828758A53001F1744 /* BNMAAuctionDelegate.swift in Sources */,
				42389E0E2874378C006024BA /* BNMAAdRevenueDelegate.swift in Sources */,
				42389E0C287436EA006024BA /* BNMAAdDelegate.swift in Sources */,
				42B4B3372885616000AADB32 /* BNMAAdViewAdPublisher.swift in Sources */,
				42B4B33B288563BD00AADB32 /* BNMAAdRevenuePublisher.swift in Sources */,
				429EE2B2286B438A009439C6 /* BNMAInterstitialAd.swift in Sources */,
				42B4B339288561C800AADB32 /* BNMAuctionPublisher.swift in Sources */,
				42B4B33D2885641D00AADB32 /* BNMAAdReviewPublisher.swift in Sources */,
				42BA81D9287703E9001F1744 /* MAFullscreenAd.swift in Sources */,
				42BA81F528772DB3001F1744 /* BNMAAdView.swift in Sources */,
				42BA81DD28770C06001F1744 /* BNMARewardWrapper.swift in Sources */,
				42BA81FB287734B0001F1744 /* AppLovinAdViewDemandProvider.swift in Sources */,
				42389E1028743ADE006024BA /* BNMAAdReviewDelegate.swift in Sources */,
				429EE2D9286EF59B009439C6 /* AppLovinFullscreenDemandProvider.swift in Sources */,
				42B4B33528855FC900AADB32 /* BNMARewardedAdPublisher.swift in Sources */,
				42BA81D52876FAE7001F1744 /* BNMARewardedAdDelegate.swift in Sources */,
				42389DEA2872E2A2006024BA /* BNMAAdWrapper.swift in Sources */,
				429EE2B4286B59B9009439C6 /* ALSdk+Proxy.swift in Sources */,
				42BA81F7287730E0001F1744 /* BNMAAdViewAdDelegate.swift in Sources */,
			);
			runOnlyForDeploymentPostprocessing = 0;
		};
		42BA8218287B25AA001F1744 /* Sources */ = {
			isa = PBXSourcesBuildPhase;
			buildActionMask = 2147483647;
			files = (
				42B4B3502885A9C100AADB32 /* BNLevelPlayBannerPublisher.swift in Sources */,
				42B9762F28804B25006F4EAA /* IronSourceAdViewDemandProvider.swift in Sources */,
				42BA8259287C0E8D001F1744 /* BNISRewardedVideoRouter.swift in Sources */,
				42B4B34E2885A9C100AADB32 /* BNISAuctionPublisher.swift in Sources */,
				42B4B3522885A9C100AADB32 /* ISRewardedVideoPublisher.swift in Sources */,
				42BA8255287B63D0001F1744 /* BNISAdInfo.swift in Sources */,
				42B4B3512885A9C100AADB32 /* BNLevelPlayRewardedVideoPublisher.swift in Sources */,
				42B9761A287F1CC2006F4EAA /* BNISAuctionDelegate.swift in Sources */,
				42B9763528805D9B006F4EAA /* BNISBannerDelegate.swift in Sources */,
				42B97631288057A5006F4EAA /* BNISBannerRouter.swift in Sources */,
				42B9762D28803F14006F4EAA /* BNISPlacementInfo.swift in Sources */,
				42BA824F287B4F51001F1744 /* BNISInterstitialRouter.swift in Sources */,
				42B976332880596A006F4EAA /* BNLevelPlayBannerDelegate.swift in Sources */,
				42B97618287F0EE6006F4EAA /* BNLevelPlayRewardedVideoDelegate.swift in Sources */,
				42BA8257287C0DCC001F1744 /* IronSourceRewardedAdDemandProvider.swift in Sources */,
				42B4B34F2885A9C100AADB32 /* BNLevelPlayInterstitialPublisher.swift in Sources */,
				42B4B3242881951300AADB32 /* BNISBannerView.swift in Sources */,
				4234B12A2890119D00CFAB05 /* IronSourceSdk+Extensions.swift in Sources */,
				42BA8252287B5D3B001F1744 /* IronSourceInterstitialDemandProvider.swift in Sources */,
				42B4B3532885A9C100AADB32 /* ISInterstitialPublisher.swift in Sources */,
				42BA8225287B26BC001F1744 /* IronSource+Proxy.swift in Sources */,
				42B9761C287F1E1B006F4EAA /* BNLevelPlayInterstitialDelegate.swift in Sources */,
			);
			runOnlyForDeploymentPostprocessing = 0;
		};
		42BA8263287C64A5001F1744 /* Sources */ = {
			isa = PBXSourcesBuildPhase;
			buildActionMask = 2147483647;
			files = (
				42A6B63F287D942900C1DFB9 /* BNFYBRewardedDelegate.swift in Sources */,
				42A6B639287D7DE600C1DFB9 /* BNFYBAuctionDelegate.swift in Sources */,
				42A6B655287DC4EB00C1DFB9 /* BNFYBBannerDelegate.swift in Sources */,
				42A6B63D287D937C00C1DFB9 /* BNFYBRewarded.swift in Sources */,
				42A6B641287D963B00C1DFB9 /* FyberRewardedAdDemandProvider.swift in Sources */,
				42B4B34028858E5900AADB32 /* BNFYBAuctionPublisher.swift in Sources */,
				42B4B3462885946F00AADB32 /* BNFYBBannerPublisher.swift in Sources */,
				42A6B64A287D9DBC00C1DFB9 /* FyberBannerDemandProvider.swift in Sources */,
				42B97610287F0165006F4EAA /* AdViewFormat+Extensions.swift in Sources */,
				42A6B632287D63A900C1DFB9 /* BNFYBInterstitialDelegate.swift in Sources */,
				42BA828C287C73F6001F1744 /* BNFYBImpressionDataWrapper.swift in Sources */,
				42BA8282287C65B6001F1744 /* FairBid+Proxy.swift in Sources */,
				42BA8287287C68AD001F1744 /* FyberInterstitialDemandProvider.swift in Sources */,
				42B4B3422885909B00AADB32 /* BNFYBInterstitialPublisher.swift in Sources */,
				42B4B3442885926B00AADB32 /* BNFYBRewardedPublisher.swift in Sources */,
				42A6B653287DC42900C1DFB9 /* BNFYBBanner.swift in Sources */,
				42BA8284287C67B6001F1744 /* BNFYBInterstitial.swift in Sources */,
				42A6B657287DC56500C1DFB9 /* BNFYBBannerAdView.swift in Sources */,
			);
			runOnlyForDeploymentPostprocessing = 0;
		};
/* End PBXSourcesBuildPhase section */

/* Begin XCBuildConfiguration section */
		429EE286286B3481009439C6 /* Debug */ = {
			isa = XCBuildConfiguration;
			buildSettings = {
			};
			name = Debug;
		};
		429EE287286B3481009439C6 /* Release */ = {
			isa = XCBuildConfiguration;
			buildSettings = {
			};
			name = Release;
		};
		429EE292286B38FE009439C6 /* Debug */ = {
			isa = XCBuildConfiguration;
			baseConfigurationReference = AD2BB8EA44FBF5EBAB6C45CC /* Pods-BidOnDecoratorAppLovinMax.debug.xcconfig */;
			buildSettings = {
				ALWAYS_SEARCH_USER_PATHS = NO;
				CLANG_ANALYZER_NONNULL = YES;
				CLANG_ANALYZER_NUMBER_OBJECT_CONVERSION = YES_AGGRESSIVE;
				CLANG_CXX_LANGUAGE_STANDARD = "gnu++17";
				CLANG_ENABLE_MODULES = YES;
				CLANG_ENABLE_OBJC_ARC = YES;
				CLANG_ENABLE_OBJC_WEAK = YES;
				CLANG_WARN_BLOCK_CAPTURE_AUTORELEASING = YES;
				CLANG_WARN_BOOL_CONVERSION = YES;
				CLANG_WARN_COMMA = YES;
				CLANG_WARN_CONSTANT_CONVERSION = YES;
				CLANG_WARN_DEPRECATED_OBJC_IMPLEMENTATIONS = YES;
				CLANG_WARN_DIRECT_OBJC_ISA_USAGE = YES_ERROR;
				CLANG_WARN_DOCUMENTATION_COMMENTS = YES;
				CLANG_WARN_EMPTY_BODY = YES;
				CLANG_WARN_ENUM_CONVERSION = YES;
				CLANG_WARN_INFINITE_RECURSION = YES;
				CLANG_WARN_INT_CONVERSION = YES;
				CLANG_WARN_NON_LITERAL_NULL_CONVERSION = YES;
				CLANG_WARN_OBJC_IMPLICIT_RETAIN_SELF = YES;
				CLANG_WARN_OBJC_LITERAL_CONVERSION = YES;
				CLANG_WARN_OBJC_ROOT_CLASS = YES_ERROR;
				CLANG_WARN_QUOTED_INCLUDE_IN_FRAMEWORK_HEADER = "$(inherited)";
				CLANG_WARN_RANGE_LOOP_ANALYSIS = YES;
				CLANG_WARN_STRICT_PROTOTYPES = YES;
				CLANG_WARN_SUSPICIOUS_MOVE = YES;
				CLANG_WARN_UNGUARDED_AVAILABILITY = YES_AGGRESSIVE;
				CLANG_WARN_UNREACHABLE_CODE = YES;
				CLANG_WARN__DUPLICATE_METHOD_MATCH = YES;
				CODE_SIGN_STYLE = Automatic;
				COPY_PHASE_STRIP = NO;
				CURRENT_PROJECT_VERSION = 1;
				DEBUG_INFORMATION_FORMAT = dwarf;
				DEFINES_MODULE = YES;
				DEVELOPMENT_TEAM = WG4VFF78ZM;
				DYLIB_COMPATIBILITY_VERSION = 1;
				DYLIB_CURRENT_VERSION = 1;
				DYLIB_INSTALL_NAME_BASE = "@rpath";
				ENABLE_STRICT_OBJC_MSGSEND = YES;
				ENABLE_TESTABILITY = YES;
				GCC_C_LANGUAGE_STANDARD = gnu11;
				GCC_DYNAMIC_NO_PIC = NO;
				GCC_NO_COMMON_BLOCKS = YES;
				GCC_OPTIMIZATION_LEVEL = 0;
				GCC_PREPROCESSOR_DEFINITIONS = (
					"DEBUG=1",
					"$(inherited)",
				);
				GCC_WARN_64_TO_32_BIT_CONVERSION = YES;
				GCC_WARN_ABOUT_RETURN_TYPE = YES_ERROR;
				GCC_WARN_UNDECLARED_SELECTOR = YES;
				GCC_WARN_UNINITIALIZED_AUTOS = YES_AGGRESSIVE;
				GCC_WARN_UNUSED_FUNCTION = YES;
				GCC_WARN_UNUSED_VARIABLE = YES;
				GENERATE_INFOPLIST_FILE = YES;
				INFOPLIST_KEY_NSHumanReadableCopyright = "";
				INSTALL_PATH = "$(LOCAL_LIBRARY_DIR)/Frameworks";
				IPHONEOS_DEPLOYMENT_TARGET = 10.0;
				LD_RUNPATH_SEARCH_PATHS = (
					"$(inherited)",
					"@executable_path/Frameworks",
					"@loader_path/Frameworks",
				);
				MACH_O_TYPE = staticlib;
				MARKETING_VERSION = 1.0;
				MTL_ENABLE_DEBUG_INFO = INCLUDE_SOURCE;
				MTL_FAST_MATH = YES;
				ONLY_ACTIVE_ARCH = YES;
				PRODUCT_BUNDLE_IDENTIFIER = com.appodeal.bidon.decorator.applovinmax;
				PRODUCT_NAME = BidOnDecoratorAppLovinMax;
				SDKROOT = iphoneos;
				SKIP_INSTALL = YES;
				SWIFT_ACTIVE_COMPILATION_CONDITIONS = DEBUG;
				SWIFT_EMIT_LOC_STRINGS = YES;
				SWIFT_OPTIMIZATION_LEVEL = "-Onone";
				SWIFT_VERSION = 5.0;
				TARGETED_DEVICE_FAMILY = "1,2";
				VERSIONING_SYSTEM = "apple-generic";
				VERSION_INFO_PREFIX = "";
			};
			name = Debug;
		};
		429EE293286B38FE009439C6 /* Release */ = {
			isa = XCBuildConfiguration;
			baseConfigurationReference = 9DBA37E0C4B65561E3C963A4 /* Pods-BidOnDecoratorAppLovinMax.release.xcconfig */;
			buildSettings = {
				ALWAYS_SEARCH_USER_PATHS = NO;
				CLANG_ANALYZER_NONNULL = YES;
				CLANG_ANALYZER_NUMBER_OBJECT_CONVERSION = YES_AGGRESSIVE;
				CLANG_CXX_LANGUAGE_STANDARD = "gnu++17";
				CLANG_ENABLE_MODULES = YES;
				CLANG_ENABLE_OBJC_ARC = YES;
				CLANG_ENABLE_OBJC_WEAK = YES;
				CLANG_WARN_BLOCK_CAPTURE_AUTORELEASING = YES;
				CLANG_WARN_BOOL_CONVERSION = YES;
				CLANG_WARN_COMMA = YES;
				CLANG_WARN_CONSTANT_CONVERSION = YES;
				CLANG_WARN_DEPRECATED_OBJC_IMPLEMENTATIONS = YES;
				CLANG_WARN_DIRECT_OBJC_ISA_USAGE = YES_ERROR;
				CLANG_WARN_DOCUMENTATION_COMMENTS = YES;
				CLANG_WARN_EMPTY_BODY = YES;
				CLANG_WARN_ENUM_CONVERSION = YES;
				CLANG_WARN_INFINITE_RECURSION = YES;
				CLANG_WARN_INT_CONVERSION = YES;
				CLANG_WARN_NON_LITERAL_NULL_CONVERSION = YES;
				CLANG_WARN_OBJC_IMPLICIT_RETAIN_SELF = YES;
				CLANG_WARN_OBJC_LITERAL_CONVERSION = YES;
				CLANG_WARN_OBJC_ROOT_CLASS = YES_ERROR;
				CLANG_WARN_QUOTED_INCLUDE_IN_FRAMEWORK_HEADER = "$(inherited)";
				CLANG_WARN_RANGE_LOOP_ANALYSIS = YES;
				CLANG_WARN_STRICT_PROTOTYPES = YES;
				CLANG_WARN_SUSPICIOUS_MOVE = YES;
				CLANG_WARN_UNGUARDED_AVAILABILITY = YES_AGGRESSIVE;
				CLANG_WARN_UNREACHABLE_CODE = YES;
				CLANG_WARN__DUPLICATE_METHOD_MATCH = YES;
				CODE_SIGN_STYLE = Automatic;
				COPY_PHASE_STRIP = NO;
				CURRENT_PROJECT_VERSION = 1;
				DEBUG_INFORMATION_FORMAT = "dwarf-with-dsym";
				DEFINES_MODULE = YES;
				DEVELOPMENT_TEAM = WG4VFF78ZM;
				DYLIB_COMPATIBILITY_VERSION = 1;
				DYLIB_CURRENT_VERSION = 1;
				DYLIB_INSTALL_NAME_BASE = "@rpath";
				ENABLE_NS_ASSERTIONS = NO;
				ENABLE_STRICT_OBJC_MSGSEND = YES;
				GCC_C_LANGUAGE_STANDARD = gnu11;
				GCC_NO_COMMON_BLOCKS = YES;
				GCC_WARN_64_TO_32_BIT_CONVERSION = YES;
				GCC_WARN_ABOUT_RETURN_TYPE = YES_ERROR;
				GCC_WARN_UNDECLARED_SELECTOR = YES;
				GCC_WARN_UNINITIALIZED_AUTOS = YES_AGGRESSIVE;
				GCC_WARN_UNUSED_FUNCTION = YES;
				GCC_WARN_UNUSED_VARIABLE = YES;
				GENERATE_INFOPLIST_FILE = YES;
				INFOPLIST_KEY_NSHumanReadableCopyright = "";
				INSTALL_PATH = "$(LOCAL_LIBRARY_DIR)/Frameworks";
				IPHONEOS_DEPLOYMENT_TARGET = 10.0;
				LD_RUNPATH_SEARCH_PATHS = (
					"$(inherited)",
					"@executable_path/Frameworks",
					"@loader_path/Frameworks",
				);
				MACH_O_TYPE = staticlib;
				MARKETING_VERSION = 1.0;
				MTL_ENABLE_DEBUG_INFO = NO;
				MTL_FAST_MATH = YES;
				PRODUCT_BUNDLE_IDENTIFIER = com.appodeal.bidon.decorator.applovinmax;
				PRODUCT_NAME = BidOnDecoratorAppLovinMax;
				SDKROOT = iphoneos;
				SKIP_INSTALL = YES;
				SWIFT_COMPILATION_MODE = wholemodule;
				SWIFT_EMIT_LOC_STRINGS = YES;
				SWIFT_OPTIMIZATION_LEVEL = "-O";
				SWIFT_VERSION = 5.0;
				TARGETED_DEVICE_FAMILY = "1,2";
				VALIDATE_PRODUCT = YES;
				VERSIONING_SYSTEM = "apple-generic";
				VERSION_INFO_PREFIX = "";
			};
			name = Release;
		};
		42BA8221287B25AB001F1744 /* Debug */ = {
			isa = XCBuildConfiguration;
			baseConfigurationReference = 591D1DCA2955598B119A5D54 /* Pods-BidOnDecoratorIronSource.debug.xcconfig */;
			buildSettings = {
				ALWAYS_SEARCH_USER_PATHS = NO;
				CLANG_ANALYZER_NONNULL = YES;
				CLANG_ANALYZER_NUMBER_OBJECT_CONVERSION = YES_AGGRESSIVE;
				CLANG_CXX_LANGUAGE_STANDARD = "gnu++17";
				CLANG_ENABLE_MODULES = YES;
				CLANG_ENABLE_OBJC_ARC = YES;
				CLANG_ENABLE_OBJC_WEAK = YES;
				CLANG_WARN_BLOCK_CAPTURE_AUTORELEASING = YES;
				CLANG_WARN_BOOL_CONVERSION = YES;
				CLANG_WARN_COMMA = YES;
				CLANG_WARN_CONSTANT_CONVERSION = YES;
				CLANG_WARN_DEPRECATED_OBJC_IMPLEMENTATIONS = YES;
				CLANG_WARN_DIRECT_OBJC_ISA_USAGE = YES_ERROR;
				CLANG_WARN_DOCUMENTATION_COMMENTS = YES;
				CLANG_WARN_EMPTY_BODY = YES;
				CLANG_WARN_ENUM_CONVERSION = YES;
				CLANG_WARN_INFINITE_RECURSION = YES;
				CLANG_WARN_INT_CONVERSION = YES;
				CLANG_WARN_NON_LITERAL_NULL_CONVERSION = YES;
				CLANG_WARN_OBJC_IMPLICIT_RETAIN_SELF = YES;
				CLANG_WARN_OBJC_LITERAL_CONVERSION = YES;
				CLANG_WARN_OBJC_ROOT_CLASS = YES_ERROR;
				CLANG_WARN_QUOTED_INCLUDE_IN_FRAMEWORK_HEADER = "$(inherited)";
				CLANG_WARN_RANGE_LOOP_ANALYSIS = YES;
				CLANG_WARN_STRICT_PROTOTYPES = YES;
				CLANG_WARN_SUSPICIOUS_MOVE = YES;
				CLANG_WARN_UNGUARDED_AVAILABILITY = YES_AGGRESSIVE;
				CLANG_WARN_UNREACHABLE_CODE = YES;
				CLANG_WARN__DUPLICATE_METHOD_MATCH = YES;
				CODE_SIGN_STYLE = Automatic;
				COPY_PHASE_STRIP = NO;
				CURRENT_PROJECT_VERSION = 1;
				DEBUG_INFORMATION_FORMAT = dwarf;
				DEFINES_MODULE = YES;
				DEVELOPMENT_TEAM = WG4VFF78ZM;
				DYLIB_COMPATIBILITY_VERSION = 1;
				DYLIB_CURRENT_VERSION = 1;
				DYLIB_INSTALL_NAME_BASE = "@rpath";
				ENABLE_STRICT_OBJC_MSGSEND = YES;
				ENABLE_TESTABILITY = YES;
				GCC_C_LANGUAGE_STANDARD = gnu11;
				GCC_DYNAMIC_NO_PIC = NO;
				GCC_NO_COMMON_BLOCKS = YES;
				GCC_OPTIMIZATION_LEVEL = 0;
				GCC_PREPROCESSOR_DEFINITIONS = (
					"DEBUG=1",
					"$(inherited)",
				);
				GCC_WARN_64_TO_32_BIT_CONVERSION = YES;
				GCC_WARN_ABOUT_RETURN_TYPE = YES_ERROR;
				GCC_WARN_UNDECLARED_SELECTOR = YES;
				GCC_WARN_UNINITIALIZED_AUTOS = YES_AGGRESSIVE;
				GCC_WARN_UNUSED_FUNCTION = YES;
				GCC_WARN_UNUSED_VARIABLE = YES;
				GENERATE_INFOPLIST_FILE = YES;
				INFOPLIST_KEY_NSHumanReadableCopyright = "";
				INSTALL_PATH = "$(LOCAL_LIBRARY_DIR)/Frameworks";
				IPHONEOS_DEPLOYMENT_TARGET = 10.0;
				LD_RUNPATH_SEARCH_PATHS = (
					"$(inherited)",
					"@executable_path/Frameworks",
					"@loader_path/Frameworks",
				);
				MACH_O_TYPE = staticlib;
				MARKETING_VERSION = 1.0;
				MTL_ENABLE_DEBUG_INFO = INCLUDE_SOURCE;
				MTL_FAST_MATH = YES;
				ONLY_ACTIVE_ARCH = YES;
				PRODUCT_BUNDLE_IDENTIFIER = com.appodeal.bidon.decorator.ironsource;
				PRODUCT_NAME = BidOnDecoratorIronSource;
				SDKROOT = iphoneos;
				SKIP_INSTALL = YES;
				SWIFT_ACTIVE_COMPILATION_CONDITIONS = DEBUG;
				SWIFT_EMIT_LOC_STRINGS = YES;
				SWIFT_OPTIMIZATION_LEVEL = "-Onone";
				SWIFT_VERSION = 5.0;
				TARGETED_DEVICE_FAMILY = "1,2";
				VERSIONING_SYSTEM = "apple-generic";
				VERSION_INFO_PREFIX = "";
			};
			name = Debug;
		};
		42BA8222287B25AB001F1744 /* Release */ = {
			isa = XCBuildConfiguration;
			baseConfigurationReference = FDAC0D3390FC0281A0A0CDDD /* Pods-BidOnDecoratorIronSource.release.xcconfig */;
			buildSettings = {
				ALWAYS_SEARCH_USER_PATHS = NO;
				CLANG_ANALYZER_NONNULL = YES;
				CLANG_ANALYZER_NUMBER_OBJECT_CONVERSION = YES_AGGRESSIVE;
				CLANG_CXX_LANGUAGE_STANDARD = "gnu++17";
				CLANG_ENABLE_MODULES = YES;
				CLANG_ENABLE_OBJC_ARC = YES;
				CLANG_ENABLE_OBJC_WEAK = YES;
				CLANG_WARN_BLOCK_CAPTURE_AUTORELEASING = YES;
				CLANG_WARN_BOOL_CONVERSION = YES;
				CLANG_WARN_COMMA = YES;
				CLANG_WARN_CONSTANT_CONVERSION = YES;
				CLANG_WARN_DEPRECATED_OBJC_IMPLEMENTATIONS = YES;
				CLANG_WARN_DIRECT_OBJC_ISA_USAGE = YES_ERROR;
				CLANG_WARN_DOCUMENTATION_COMMENTS = YES;
				CLANG_WARN_EMPTY_BODY = YES;
				CLANG_WARN_ENUM_CONVERSION = YES;
				CLANG_WARN_INFINITE_RECURSION = YES;
				CLANG_WARN_INT_CONVERSION = YES;
				CLANG_WARN_NON_LITERAL_NULL_CONVERSION = YES;
				CLANG_WARN_OBJC_IMPLICIT_RETAIN_SELF = YES;
				CLANG_WARN_OBJC_LITERAL_CONVERSION = YES;
				CLANG_WARN_OBJC_ROOT_CLASS = YES_ERROR;
				CLANG_WARN_QUOTED_INCLUDE_IN_FRAMEWORK_HEADER = "$(inherited)";
				CLANG_WARN_RANGE_LOOP_ANALYSIS = YES;
				CLANG_WARN_STRICT_PROTOTYPES = YES;
				CLANG_WARN_SUSPICIOUS_MOVE = YES;
				CLANG_WARN_UNGUARDED_AVAILABILITY = YES_AGGRESSIVE;
				CLANG_WARN_UNREACHABLE_CODE = YES;
				CLANG_WARN__DUPLICATE_METHOD_MATCH = YES;
				CODE_SIGN_STYLE = Automatic;
				COPY_PHASE_STRIP = NO;
				CURRENT_PROJECT_VERSION = 1;
				DEBUG_INFORMATION_FORMAT = "dwarf-with-dsym";
				DEFINES_MODULE = YES;
				DEVELOPMENT_TEAM = WG4VFF78ZM;
				DYLIB_COMPATIBILITY_VERSION = 1;
				DYLIB_CURRENT_VERSION = 1;
				DYLIB_INSTALL_NAME_BASE = "@rpath";
				ENABLE_NS_ASSERTIONS = NO;
				ENABLE_STRICT_OBJC_MSGSEND = YES;
				GCC_C_LANGUAGE_STANDARD = gnu11;
				GCC_NO_COMMON_BLOCKS = YES;
				GCC_WARN_64_TO_32_BIT_CONVERSION = YES;
				GCC_WARN_ABOUT_RETURN_TYPE = YES_ERROR;
				GCC_WARN_UNDECLARED_SELECTOR = YES;
				GCC_WARN_UNINITIALIZED_AUTOS = YES_AGGRESSIVE;
				GCC_WARN_UNUSED_FUNCTION = YES;
				GCC_WARN_UNUSED_VARIABLE = YES;
				GENERATE_INFOPLIST_FILE = YES;
				INFOPLIST_KEY_NSHumanReadableCopyright = "";
				INSTALL_PATH = "$(LOCAL_LIBRARY_DIR)/Frameworks";
				IPHONEOS_DEPLOYMENT_TARGET = 10.0;
				LD_RUNPATH_SEARCH_PATHS = (
					"$(inherited)",
					"@executable_path/Frameworks",
					"@loader_path/Frameworks",
				);
				MACH_O_TYPE = staticlib;
				MARKETING_VERSION = 1.0;
				MTL_ENABLE_DEBUG_INFO = NO;
				MTL_FAST_MATH = YES;
				PRODUCT_BUNDLE_IDENTIFIER = com.appodeal.bidon.decorator.ironsource;
				PRODUCT_NAME = BidOnDecoratorIronSource;
				SDKROOT = iphoneos;
				SKIP_INSTALL = YES;
				SWIFT_COMPILATION_MODE = wholemodule;
				SWIFT_EMIT_LOC_STRINGS = YES;
				SWIFT_OPTIMIZATION_LEVEL = "-O";
				SWIFT_VERSION = 5.0;
				TARGETED_DEVICE_FAMILY = "1,2";
				VALIDATE_PRODUCT = YES;
				VERSIONING_SYSTEM = "apple-generic";
				VERSION_INFO_PREFIX = "";
			};
			name = Release;
		};
		42BA826C287C64A5001F1744 /* Debug */ = {
			isa = XCBuildConfiguration;
			baseConfigurationReference = 8BE6127774F0B9CB41D4E7A1 /* Pods-BidOnDecoratorFyber.debug.xcconfig */;
			buildSettings = {
				ALWAYS_SEARCH_USER_PATHS = NO;
				CLANG_ANALYZER_NONNULL = YES;
				CLANG_ANALYZER_NUMBER_OBJECT_CONVERSION = YES_AGGRESSIVE;
				CLANG_CXX_LANGUAGE_STANDARD = "gnu++17";
				CLANG_ENABLE_MODULES = YES;
				CLANG_ENABLE_OBJC_ARC = YES;
				CLANG_ENABLE_OBJC_WEAK = YES;
				CLANG_WARN_BLOCK_CAPTURE_AUTORELEASING = YES;
				CLANG_WARN_BOOL_CONVERSION = YES;
				CLANG_WARN_COMMA = YES;
				CLANG_WARN_CONSTANT_CONVERSION = YES;
				CLANG_WARN_DEPRECATED_OBJC_IMPLEMENTATIONS = YES;
				CLANG_WARN_DIRECT_OBJC_ISA_USAGE = YES_ERROR;
				CLANG_WARN_DOCUMENTATION_COMMENTS = YES;
				CLANG_WARN_EMPTY_BODY = YES;
				CLANG_WARN_ENUM_CONVERSION = YES;
				CLANG_WARN_INFINITE_RECURSION = YES;
				CLANG_WARN_INT_CONVERSION = YES;
				CLANG_WARN_NON_LITERAL_NULL_CONVERSION = YES;
				CLANG_WARN_OBJC_IMPLICIT_RETAIN_SELF = YES;
				CLANG_WARN_OBJC_LITERAL_CONVERSION = YES;
				CLANG_WARN_OBJC_ROOT_CLASS = YES_ERROR;
				CLANG_WARN_QUOTED_INCLUDE_IN_FRAMEWORK_HEADER = "$(inherited)";
				CLANG_WARN_RANGE_LOOP_ANALYSIS = YES;
				CLANG_WARN_STRICT_PROTOTYPES = YES;
				CLANG_WARN_SUSPICIOUS_MOVE = YES;
				CLANG_WARN_UNGUARDED_AVAILABILITY = YES_AGGRESSIVE;
				CLANG_WARN_UNREACHABLE_CODE = YES;
				CLANG_WARN__DUPLICATE_METHOD_MATCH = YES;
				CODE_SIGN_STYLE = Automatic;
				COPY_PHASE_STRIP = NO;
				CURRENT_PROJECT_VERSION = 1;
				DEBUG_INFORMATION_FORMAT = dwarf;
				DEFINES_MODULE = YES;
				DEVELOPMENT_TEAM = WG4VFF78ZM;
				DYLIB_COMPATIBILITY_VERSION = 1;
				DYLIB_CURRENT_VERSION = 1;
				DYLIB_INSTALL_NAME_BASE = "@rpath";
				ENABLE_STRICT_OBJC_MSGSEND = YES;
				ENABLE_TESTABILITY = YES;
				GCC_C_LANGUAGE_STANDARD = gnu11;
				GCC_DYNAMIC_NO_PIC = NO;
				GCC_NO_COMMON_BLOCKS = YES;
				GCC_OPTIMIZATION_LEVEL = 0;
				GCC_PREPROCESSOR_DEFINITIONS = (
					"DEBUG=1",
					"$(inherited)",
				);
				GCC_WARN_64_TO_32_BIT_CONVERSION = YES;
				GCC_WARN_ABOUT_RETURN_TYPE = YES_ERROR;
				GCC_WARN_UNDECLARED_SELECTOR = YES;
				GCC_WARN_UNINITIALIZED_AUTOS = YES_AGGRESSIVE;
				GCC_WARN_UNUSED_FUNCTION = YES;
				GCC_WARN_UNUSED_VARIABLE = YES;
				GENERATE_INFOPLIST_FILE = YES;
				INFOPLIST_KEY_NSHumanReadableCopyright = "";
				INSTALL_PATH = "$(LOCAL_LIBRARY_DIR)/Frameworks";
				IPHONEOS_DEPLOYMENT_TARGET = 10.0;
				LD_RUNPATH_SEARCH_PATHS = (
					"$(inherited)",
					"@executable_path/Frameworks",
					"@loader_path/Frameworks",
				);
				MACH_O_TYPE = staticlib;
				MARKETING_VERSION = 1.0;
				MTL_ENABLE_DEBUG_INFO = INCLUDE_SOURCE;
				MTL_FAST_MATH = YES;
				ONLY_ACTIVE_ARCH = YES;
				PRODUCT_BUNDLE_IDENTIFIER = com.appodeal.bidon.decorator.fyber;
				PRODUCT_NAME = BidOnDecoratorFyber;
				SDKROOT = iphoneos;
				SKIP_INSTALL = YES;
				SWIFT_ACTIVE_COMPILATION_CONDITIONS = DEBUG;
				SWIFT_EMIT_LOC_STRINGS = YES;
				SWIFT_OPTIMIZATION_LEVEL = "-Onone";
				SWIFT_VERSION = 5.0;
				TARGETED_DEVICE_FAMILY = "1,2";
				VERSIONING_SYSTEM = "apple-generic";
				VERSION_INFO_PREFIX = "";
			};
			name = Debug;
		};
		42BA826D287C64A5001F1744 /* Release */ = {
			isa = XCBuildConfiguration;
			baseConfigurationReference = 124D98BCE26361E223EEA284 /* Pods-BidOnDecoratorFyber.release.xcconfig */;
			buildSettings = {
				ALWAYS_SEARCH_USER_PATHS = NO;
				CLANG_ANALYZER_NONNULL = YES;
				CLANG_ANALYZER_NUMBER_OBJECT_CONVERSION = YES_AGGRESSIVE;
				CLANG_CXX_LANGUAGE_STANDARD = "gnu++17";
				CLANG_ENABLE_MODULES = YES;
				CLANG_ENABLE_OBJC_ARC = YES;
				CLANG_ENABLE_OBJC_WEAK = YES;
				CLANG_WARN_BLOCK_CAPTURE_AUTORELEASING = YES;
				CLANG_WARN_BOOL_CONVERSION = YES;
				CLANG_WARN_COMMA = YES;
				CLANG_WARN_CONSTANT_CONVERSION = YES;
				CLANG_WARN_DEPRECATED_OBJC_IMPLEMENTATIONS = YES;
				CLANG_WARN_DIRECT_OBJC_ISA_USAGE = YES_ERROR;
				CLANG_WARN_DOCUMENTATION_COMMENTS = YES;
				CLANG_WARN_EMPTY_BODY = YES;
				CLANG_WARN_ENUM_CONVERSION = YES;
				CLANG_WARN_INFINITE_RECURSION = YES;
				CLANG_WARN_INT_CONVERSION = YES;
				CLANG_WARN_NON_LITERAL_NULL_CONVERSION = YES;
				CLANG_WARN_OBJC_IMPLICIT_RETAIN_SELF = YES;
				CLANG_WARN_OBJC_LITERAL_CONVERSION = YES;
				CLANG_WARN_OBJC_ROOT_CLASS = YES_ERROR;
				CLANG_WARN_QUOTED_INCLUDE_IN_FRAMEWORK_HEADER = "$(inherited)";
				CLANG_WARN_RANGE_LOOP_ANALYSIS = YES;
				CLANG_WARN_STRICT_PROTOTYPES = YES;
				CLANG_WARN_SUSPICIOUS_MOVE = YES;
				CLANG_WARN_UNGUARDED_AVAILABILITY = YES_AGGRESSIVE;
				CLANG_WARN_UNREACHABLE_CODE = YES;
				CLANG_WARN__DUPLICATE_METHOD_MATCH = YES;
				CODE_SIGN_STYLE = Automatic;
				COPY_PHASE_STRIP = NO;
				CURRENT_PROJECT_VERSION = 1;
				DEBUG_INFORMATION_FORMAT = "dwarf-with-dsym";
				DEFINES_MODULE = YES;
				DEVELOPMENT_TEAM = WG4VFF78ZM;
				DYLIB_COMPATIBILITY_VERSION = 1;
				DYLIB_CURRENT_VERSION = 1;
				DYLIB_INSTALL_NAME_BASE = "@rpath";
				ENABLE_NS_ASSERTIONS = NO;
				ENABLE_STRICT_OBJC_MSGSEND = YES;
				GCC_C_LANGUAGE_STANDARD = gnu11;
				GCC_NO_COMMON_BLOCKS = YES;
				GCC_WARN_64_TO_32_BIT_CONVERSION = YES;
				GCC_WARN_ABOUT_RETURN_TYPE = YES_ERROR;
				GCC_WARN_UNDECLARED_SELECTOR = YES;
				GCC_WARN_UNINITIALIZED_AUTOS = YES_AGGRESSIVE;
				GCC_WARN_UNUSED_FUNCTION = YES;
				GCC_WARN_UNUSED_VARIABLE = YES;
				GENERATE_INFOPLIST_FILE = YES;
				INFOPLIST_KEY_NSHumanReadableCopyright = "";
				INSTALL_PATH = "$(LOCAL_LIBRARY_DIR)/Frameworks";
				IPHONEOS_DEPLOYMENT_TARGET = 10.0;
				LD_RUNPATH_SEARCH_PATHS = (
					"$(inherited)",
					"@executable_path/Frameworks",
					"@loader_path/Frameworks",
				);
				MACH_O_TYPE = staticlib;
				MARKETING_VERSION = 1.0;
				MTL_ENABLE_DEBUG_INFO = NO;
				MTL_FAST_MATH = YES;
				PRODUCT_BUNDLE_IDENTIFIER = com.appodeal.bidon.decorator.fyber;
				PRODUCT_NAME = BidOnDecoratorFyber;
				SDKROOT = iphoneos;
				SKIP_INSTALL = YES;
				SWIFT_COMPILATION_MODE = wholemodule;
				SWIFT_EMIT_LOC_STRINGS = YES;
				SWIFT_OPTIMIZATION_LEVEL = "-O";
				SWIFT_VERSION = 5.0;
				TARGETED_DEVICE_FAMILY = "1,2";
				VALIDATE_PRODUCT = YES;
				VERSIONING_SYSTEM = "apple-generic";
				VERSION_INFO_PREFIX = "";
			};
			name = Release;
		};
/* End XCBuildConfiguration section */

/* Begin XCConfigurationList section */
		429EE285286B3481009439C6 /* Build configuration list for PBXProject "Decorators" */ = {
			isa = XCConfigurationList;
			buildConfigurations = (
				429EE286286B3481009439C6 /* Debug */,
				429EE287286B3481009439C6 /* Release */,
			);
			defaultConfigurationIsVisible = 0;
			defaultConfigurationName = Release;
		};
		429EE294286B38FE009439C6 /* Build configuration list for PBXNativeTarget "BidOnDecoratorAppLovinMax" */ = {
			isa = XCConfigurationList;
			buildConfigurations = (
				429EE292286B38FE009439C6 /* Debug */,
				429EE293286B38FE009439C6 /* Release */,
			);
			defaultConfigurationIsVisible = 0;
			defaultConfigurationName = Release;
		};
		42BA8220287B25AB001F1744 /* Build configuration list for PBXNativeTarget "BidOnDecoratorIronSource" */ = {
			isa = XCConfigurationList;
			buildConfigurations = (
				42BA8221287B25AB001F1744 /* Debug */,
				42BA8222287B25AB001F1744 /* Release */,
			);
			defaultConfigurationIsVisible = 0;
			defaultConfigurationName = Release;
		};
		42BA826B287C64A5001F1744 /* Build configuration list for PBXNativeTarget "BidOnDecoratorFyber" */ = {
			isa = XCConfigurationList;
			buildConfigurations = (
				42BA826C287C64A5001F1744 /* Debug */,
				42BA826D287C64A5001F1744 /* Release */,
			);
			defaultConfigurationIsVisible = 0;
			defaultConfigurationName = Release;
		};
/* End XCConfigurationList section */
	};
	rootObject = 429EE282286B3481009439C6 /* Project object */;
}
